// !$*UTF8*$!
{
	archiveVersion = 1;
	classes = {
	};
	objectVersion = 46;
	objects = {

/* Begin PBXBuildFile section */
		1B28EA111AC08FF0002DB97F /* main.m in Sources */ = {isa = PBXBuildFile; fileRef = 1B28EA101AC08FF0002DB97F /* main.m */; };
		1B28EA141AC08FF0002DB97F /* AppDelegate.m in Sources */ = {isa = PBXBuildFile; fileRef = 1B28EA131AC08FF0002DB97F /* AppDelegate.m */; };
		1B28EA171AC08FF0002DB97F /* ViewController.m in Sources */ = {isa = PBXBuildFile; fileRef = 1B28EA161AC08FF0002DB97F /* ViewController.m */; };
		1B28EA1A1AC08FF0002DB97F /* Main.storyboard in Resources */ = {isa = PBXBuildFile; fileRef = 1B28EA181AC08FF0002DB97F /* Main.storyboard */; };
		1B28EA1C1AC08FF0002DB97F /* Images.xcassets in Resources */ = {isa = PBXBuildFile; fileRef = 1B28EA1B1AC08FF0002DB97F /* Images.xcassets */; };
		1B28EA1F1AC08FF0002DB97F /* LaunchScreen.xib in Resources */ = {isa = PBXBuildFile; fileRef = 1B28EA1D1AC08FF0002DB97F /* LaunchScreen.xib */; };
		1B28EA2B1AC08FF0002DB97F /* ejSettingsTests.m in Sources */ = {isa = PBXBuildFile; fileRef = 1B28EA2A1AC08FF0002DB97F /* ejSettingsTests.m */; };
		1B28EA351AC09005002DB97F /* Settings.bundle in Resources */ = {isa = PBXBuildFile; fileRef = 1B28EA341AC09005002DB97F /* Settings.bundle */; };
		1B28EA381AC09BBC002DB97F /* SettingsViewController.m in Sources */ = {isa = PBXBuildFile; fileRef = 1B28EA371AC09BBC002DB97F /* SettingsViewController.m */; };
/* End PBXBuildFile section */

/* Begin PBXContainerItemProxy section */
		1B28EA251AC08FF0002DB97F /* PBXContainerItemProxy */ = {
			isa = PBXContainerItemProxy;
			containerPortal = 1B28EA031AC08FF0002DB97F /* Project object */;
			proxyType = 1;
			remoteGlobalIDString = 1B28EA0A1AC08FF0002DB97F;
			remoteInfo = ejSettings;
		};
/* End PBXContainerItemProxy section */

/* Begin PBXFileReference section */
		1B28EA0B1AC08FF0002DB97F /* ejSettings.app */ = {isa = PBXFileReference; explicitFileType = wrapper.application; includeInIndex = 0; path = ejSettings.app; sourceTree = BUILT_PRODUCTS_DIR; };
		1B28EA0F1AC08FF0002DB97F /* Info.plist */ = {isa = PBXFileReference; lastKnownFileType = text.plist.xml; path = Info.plist; sourceTree = "<group>"; };
		1B28EA101AC08FF0002DB97F /* main.m */ = {isa = PBXFileReference; lastKnownFileType = sourcecode.c.objc; path = main.m; sourceTree = "<group>"; };
		1B28EA121AC08FF0002DB97F /* AppDelegate.h */ = {isa = PBXFileReference; lastKnownFileType = sourcecode.c.h; path = AppDelegate.h; sourceTree = "<group>"; };
		1B28EA131AC08FF0002DB97F /* AppDelegate.m */ = {isa = PBXFileReference; lastKnownFileType = sourcecode.c.objc; path = AppDelegate.m; sourceTree = "<group>"; };
		1B28EA151AC08FF0002DB97F /* ViewController.h */ = {isa = PBXFileReference; lastKnownFileType = sourcecode.c.h; path = ViewController.h; sourceTree = "<group>"; };
		1B28EA161AC08FF0002DB97F /* ViewController.m */ = {isa = PBXFileReference; lastKnownFileType = sourcecode.c.objc; path = ViewController.m; sourceTree = "<group>"; };
		1B28EA191AC08FF0002DB97F /* Base */ = {isa = PBXFileReference; lastKnownFileType = file.storyboard; name = Base; path = Base.lproj/Main.storyboard; sourceTree = "<group>"; };
		1B28EA1B1AC08FF0002DB97F /* Images.xcassets */ = {isa = PBXFileReference; lastKnownFileType = folder.assetcatalog; path = Images.xcassets; sourceTree = "<group>"; };
		1B28EA1E1AC08FF0002DB97F /* Base */ = {isa = PBXFileReference; lastKnownFileType = file.xib; name = Base; path = Base.lproj/LaunchScreen.xib; sourceTree = "<group>"; };
		1B28EA241AC08FF0002DB97F /* ejSettingsTests.xctest */ = {isa = PBXFileReference; explicitFileType = wrapper.cfbundle; includeInIndex = 0; path = ejSettingsTests.xctest; sourceTree = BUILT_PRODUCTS_DIR; };
		1B28EA291AC08FF0002DB97F /* Info.plist */ = {isa = PBXFileReference; lastKnownFileType = text.plist.xml; path = Info.plist; sourceTree = "<group>"; };
		1B28EA2A1AC08FF0002DB97F /* ejSettingsTests.m */ = {isa = PBXFileReference; lastKnownFileType = sourcecode.c.objc; path = ejSettingsTests.m; sourceTree = "<group>"; };
		1B28EA341AC09005002DB97F /* Settings.bundle */ = {isa = PBXFileReference; lastKnownFileType = "wrapper.plug-in"; path = Settings.bundle; sourceTree = "<group>"; };
		1B28EA361AC09BBC002DB97F /* SettingsViewController.h */ = {isa = PBXFileReference; fileEncoding = 4; lastKnownFileType = sourcecode.c.h; path = SettingsViewController.h; sourceTree = "<group>"; };
		1B28EA371AC09BBC002DB97F /* SettingsViewController.m */ = {isa = PBXFileReference; fileEncoding = 4; lastKnownFileType = sourcecode.c.objc; path = SettingsViewController.m; sourceTree = "<group>"; };
/* End PBXFileReference section */

/* Begin PBXFrameworksBuildPhase section */
		1B28EA081AC08FF0002DB97F /* Frameworks */ = {
			isa = PBXFrameworksBuildPhase;
			buildActionMask = 2147483647;
			files = (
			);
			runOnlyForDeploymentPostprocessing = 0;
		};
		1B28EA211AC08FF0002DB97F /* Frameworks */ = {
			isa = PBXFrameworksBuildPhase;
			buildActionMask = 2147483647;
			files = (
			);
			runOnlyForDeploymentPostprocessing = 0;
		};
/* End PBXFrameworksBuildPhase section */

/* Begin PBXGroup section */
		1B28EA021AC08FF0002DB97F = {
			isa = PBXGroup;
			children = (
				1B28EA341AC09005002DB97F /* Settings.bundle */,
				1B28EA0D1AC08FF0002DB97F /* ejSettings */,
				1B28EA271AC08FF0002DB97F /* ejSettingsTests */,
				1B28EA0C1AC08FF0002DB97F /* Products */,
			);
			sourceTree = "<group>";
		};
		1B28EA0C1AC08FF0002DB97F /* Products */ = {
			isa = PBXGroup;
			children = (
				1B28EA0B1AC08FF0002DB97F /* ejSettings.app */,
				1B28EA241AC08FF0002DB97F /* ejSettingsTests.xctest */,
			);
			name = Products;
			sourceTree = "<group>";
		};
		1B28EA0D1AC08FF0002DB97F /* ejSettings */ = {
			isa = PBXGroup;
			children = (
				1B28EA121AC08FF0002DB97F /* AppDelegate.h */,
				1B28EA131AC08FF0002DB97F /* AppDelegate.m */,
				1B28EA151AC08FF0002DB97F /* ViewController.h */,
				1B28EA161AC08FF0002DB97F /* ViewController.m */,
				1B28EA181AC08FF0002DB97F /* Main.storyboard */,
				1B28EA361AC09BBC002DB97F /* SettingsViewController.h */,
				1B28EA371AC09BBC002DB97F /* SettingsViewController.m */,
				1B28EA1B1AC08FF0002DB97F /* Images.xcassets */,
				1B28EA1D1AC08FF0002DB97F /* LaunchScreen.xib */,
				1B28EA0E1AC08FF0002DB97F /* Supporting Files */,
			);
			path = ejSettings;
			sourceTree = "<group>";
		};
		1B28EA0E1AC08FF0002DB97F /* Supporting Files */ = {
			isa = PBXGroup;
			children = (
				1B28EA0F1AC08FF0002DB97F /* Info.plist */,
				1B28EA101AC08FF0002DB97F /* main.m */,
			);
			name = "Supporting Files";
			sourceTree = "<group>";
		};
		1B28EA271AC08FF0002DB97F /* ejSettingsTests */ = {
			isa = PBXGroup;
			children = (
				1B28EA2A1AC08FF0002DB97F /* ejSettingsTests.m */,
				1B28EA281AC08FF0002DB97F /* Supporting Files */,
			);
			path = ejSettingsTests;
			sourceTree = "<group>";
		};
		1B28EA281AC08FF0002DB97F /* Supporting Files */ = {
			isa = PBXGroup;
			children = (
				1B28EA291AC08FF0002DB97F /* Info.plist */,
			);
			name = "Supporting Files";
			sourceTree = "<group>";
		};
/* End PBXGroup section */

/* Begin PBXNativeTarget section */
		1B28EA0A1AC08FF0002DB97F /* ejSettings */ = {
			isa = PBXNativeTarget;
			buildConfigurationList = 1B28EA2E1AC08FF0002DB97F /* Build configuration list for PBXNativeTarget "ejSettings" */;
			buildPhases = (
				1B28EA071AC08FF0002DB97F /* Sources */,
				1B28EA081AC08FF0002DB97F /* Frameworks */,
				1B28EA091AC08FF0002DB97F /* Resources */,
			);
			buildRules = (
			);
			dependencies = (
			);
			name = ejSettings;
			productName = ejSettings;
			productReference = 1B28EA0B1AC08FF0002DB97F /* ejSettings.app */;
			productType = "com.apple.product-type.application";
		};
		1B28EA231AC08FF0002DB97F /* ejSettingsTests */ = {
			isa = PBXNativeTarget;
			buildConfigurationList = 1B28EA311AC08FF0002DB97F /* Build configuration list for PBXNativeTarget "ejSettingsTests" */;
			buildPhases = (
				1B28EA201AC08FF0002DB97F /* Sources */,
				1B28EA211AC08FF0002DB97F /* Frameworks */,
				1B28EA221AC08FF0002DB97F /* Resources */,
			);
			buildRules = (
			);
			dependencies = (
				1B28EA261AC08FF0002DB97F /* PBXTargetDependency */,
			);
			name = ejSettingsTests;
			productName = ejSettingsTests;
			productReference = 1B28EA241AC08FF0002DB97F /* ejSettingsTests.xctest */;
			productType = "com.apple.product-type.bundle.unit-test";
		};
/* End PBXNativeTarget section */

/* Begin PBXProject section */
		1B28EA031AC08FF0002DB97F /* Project object */ = {
			isa = PBXProject;
			attributes = {
				LastUpgradeCheck = 0610;
				ORGANIZATIONNAME = NLCJohn;
				TargetAttributes = {
					1B28EA0A1AC08FF0002DB97F = {
						CreatedOnToolsVersion = 6.1.1;
					};
					1B28EA231AC08FF0002DB97F = {
						CreatedOnToolsVersion = 6.1.1;
						TestTargetID = 1B28EA0A1AC08FF0002DB97F;
					};
				};
			};
			buildConfigurationList = 1B28EA061AC08FF0002DB97F /* Build configuration list for PBXProject "ejSettings" */;
			compatibilityVersion = "Xcode 3.2";
			developmentRegion = English;
			hasScannedForEncodings = 0;
			knownRegions = (
				en,
				Base,
			);
			mainGroup = 1B28EA021AC08FF0002DB97F;
			productRefGroup = 1B28EA0C1AC08FF0002DB97F /* Products */;
			projectDirPath = "";
			projectRoot = "";
			targets = (
				1B28EA0A1AC08FF0002DB97F /* ejSettings */,
				1B28EA231AC08FF0002DB97F /* ejSettingsTests */,
			);
		};
/* End PBXProject section */

/* Begin PBXResourcesBuildPhase section */
		1B28EA091AC08FF0002DB97F /* Resources */ = {
			isa = PBXResourcesBuildPhase;
			buildActionMask = 2147483647;
			files = (
				1B28EA351AC09005002DB97F /* Settings.bundle in Resources */,
				1B28EA1A1AC08FF0002DB97F /* Main.storyboard in Resources */,
				1B28EA1F1AC08FF0002DB97F /* LaunchScreen.xib in Resources */,
				1B28EA1C1AC08FF0002DB97F /* Images.xcassets in Resources */,
			);
			runOnlyForDeploymentPostprocessing = 0;
		};
		1B28EA221AC08FF0002DB97F /* Resources */ = {
			isa = PBXResourcesBuildPhase;
			buildActionMask = 2147483647;
			files = (
			);
			runOnlyForDeploymentPostprocessing = 0;
		};
/* End PBXResourcesBuildPhase section */

/* Begin PBXSourcesBuildPhase section */
		1B28EA071AC08FF0002DB97F /* Sources */ = {
			isa = PBXSourcesBuildPhase;
			buildActionMask = 2147483647;
			files = (
				1B28EA171AC08FF0002DB97F /* ViewController.m in Sources */,
				1B28EA141AC08FF0002DB97F /* AppDelegate.m in Sources */,
				1B28EA111AC08FF0002DB97F /* main.m in Sources */,
				1B28EA381AC09BBC002DB97F /* SettingsViewController.m in Sources */,
			);
			runOnlyForDeploymentPostprocessing = 0;
		};
		1B28EA201AC08FF0002DB97F /* Sources */ = {
			isa = PBXSourcesBuildPhase;
			buildActionMask = 2147483647;
			files = (
				1B28EA2B1AC08FF0002DB97F /* ejSettingsTests.m in Sources */,
			);
			runOnlyForDeploymentPostprocessing = 0;
		};
/* End PBXSourcesBuildPhase section */

/* Begin PBXTargetDependency section */
		1B28EA261AC08FF0002DB97F /* PBXTargetDependency */ = {
			isa = PBXTargetDependency;
			target = 1B28EA0A1AC08FF0002DB97F /* ejSettings */;
			targetProxy = 1B28EA251AC08FF0002DB97F /* PBXContainerItemProxy */;
		};
/* End PBXTargetDependency section */

/* Begin PBXVariantGroup section */
		1B28EA181AC08FF0002DB97F /* Main.storyboard */ = {
			isa = PBXVariantGroup;
			children = (
				1B28EA191AC08FF0002DB97F /* Base */,
			);
			name = Main.storyboard;
			sourceTree = "<group>";
		};
		1B28EA1D1AC08FF0002DB97F /* LaunchScreen.xib */ = {
			isa = PBXVariantGroup;
			children = (
				1B28EA1E1AC08FF0002DB97F /* Base */,
			);
			name = LaunchScreen.xib;
			sourceTree = "<group>";
		};
/* End PBXVariantGroup section */

/* Begin XCBuildConfiguration section */
		1B28EA2C1AC08FF0002DB97F /* Debug */ = {
			isa = XCBuildConfiguration;
			buildSettings = {
				ALWAYS_SEARCH_USER_PATHS = NO;
				CLANG_CXX_LANGUAGE_STANDARD = "gnu++0x";
				CLANG_CXX_LIBRARY = "libc++";
				CLANG_ENABLE_MODULES = YES;
				CLANG_ENABLE_OBJC_ARC = YES;
				CLANG_WARN_BOOL_CONVERSION = YES;
				CLANG_WARN_CONSTANT_CONVERSION = YES;
				CLANG_WARN_DIRECT_OBJC_ISA_USAGE = YES_ERROR;
				CLANG_WARN_EMPTY_BODY = YES;
				CLANG_WARN_ENUM_CONVERSION = YES;
				CLANG_WARN_INT_CONVERSION = YES;
				CLANG_WARN_OBJC_ROOT_CLASS = YES_ERROR;
				CLANG_WARN_UNREACHABLE_CODE = YES;
				CLANG_WARN__DUPLICATE_METHOD_MATCH = YES;
				"CODE_SIGN_IDENTITY[sdk=iphoneos*]" = "iPhone Developer";
				COPY_PHASE_STRIP = NO;
				ENABLE_STRICT_OBJC_MSGSEND = YES;
				GCC_C_LANGUAGE_STANDARD = gnu99;
				GCC_DYNAMIC_NO_PIC = NO;
				GCC_OPTIMIZATION_LEVEL = 0;
				GCC_PREPROCESSOR_DEFINITIONS = (
					"DEBUG=1",
					"$(inherited)",
				);
				GCC_SYMBOLS_PRIVATE_EXTERN = NO;
				GCC_WARN_64_TO_32_BIT_CONVERSION = YES;
				GCC_WARN_ABOUT_RETURN_TYPE = YES_ERROR;
				GCC_WARN_UNDECLARED_SELECTOR = YES;
				GCC_WARN_UNINITIALIZED_AUTOS = YES_AGGRESSIVE;
				GCC_WARN_UNUSED_FUNCTION = YES;
				GCC_WARN_UNUSED_VARIABLE = YES;
				IPHONEOS_DEPLOYMENT_TARGET = 8.1;
				MTL_ENABLE_DEBUG_INFO = YES;
				ONLY_ACTIVE_ARCH = YES;
				SDKROOT = iphoneos;
			};
			name = Debug;
		};
		1B28EA2D1AC08FF0002DB97F /* Release */ = {
			isa = XCBuildConfiguration;
			buildSettings = {
				ALWAYS_SEARCH_USER_PATHS = NO;
				CLANG_CXX_LANGUAGE_STANDARD = "gnu++0x";
				CLANG_CXX_LIBRARY = "libc++";
				CLANG_ENABLE_MODULES = YES;
				CLANG_ENABLE_OBJC_ARC = YES;
				CLANG_WARN_BOOL_CONVERSION = YES;
				CLANG_WARN_CONSTANT_CONVERSION = YES;
				CLANG_WARN_DIRECT_OBJC_ISA_USAGE = YES_ERROR;
				CLANG_WARN_EMPTY_BODY = YES;
				CLANG_WARN_ENUM_CONVERSION = YES;
				CLANG_WARN_INT_CONVERSION = YES;
				CLANG_WARN_OBJC_ROOT_CLASS = YES_ERROR;
				CLANG_WARN_UNREACHABLE_CODE = YES;
				CLANG_WARN__DUPLICATE_METHOD_MATCH = YES;
				"CODE_SIGN_IDENTITY[sdk=iphoneos*]" = "iPhone Developer";
				COPY_PHASE_STRIP = YES;
				ENABLE_NS_ASSERTIONS = NO;
				ENABLE_STRICT_OBJC_MSGSEND = YES;
				GCC_C_LANGUAGE_STANDARD = gnu99;
				GCC_WARN_64_TO_32_BIT_CONVERSION = YES;
				GCC_WARN_ABOUT_RETURN_TYPE = YES_ERROR;
				GCC_WARN_UNDECLARED_SELECTOR = YES;
				GCC_WARN_UNINITIALIZED_AUTOS = YES_AGGRESSIVE;
				GCC_WARN_UNUSED_FUNCTION = YES;
				GCC_WARN_UNUSED_VARIABLE = YES;
				IPHONEOS_DEPLOYMENT_TARGET = 8.1;
				MTL_ENABLE_DEBUG_INFO = NO;
				SDKROOT = iphoneos;
				VALIDATE_PRODUCT = YES;
			};
			name = Release;
		};
		1B28EA2F1AC08FF0002DB97F /* Debug */ = {
			isa = XCBuildConfiguration;
			buildSettings = {
				ASSETCATALOG_COMPILER_APPICON_NAME = AppIcon;
				INFOPLIST_FILE = ejSettings/Info.plist;
				LD_RUNPATH_SEARCH_PATHS = "$(inherited) @executable_path/Frameworks";
				PRODUCT_NAME = "$(TARGET_NAME)";
			};
			name = Debug;
		};
		1B28EA301AC08FF0002DB97F /* Release */ = {
			isa = XCBuildConfiguration;
			buildSettings = {
				ASSETCATALOG_COMPILER_APPICON_NAME = AppIcon;
				INFOPLIST_FILE = ejSettings/Info.plist;
				LD_RUNPATH_SEARCH_PATHS = "$(inherited) @executable_path/Frameworks";
				PRODUCT_NAME = "$(TARGET_NAME)";
			};
			name = Release;
		};
		1B28EA321AC08FF0002DB97F /* Debug */ = {
			isa = XCBuildConfiguration;
			buildSettings = {
				BUNDLE_LOADER = "$(TEST_HOST)";
				FRAMEWORK_SEARCH_PATHS = (
					"$(SDKROOT)/Developer/Library/Frameworks",
					"$(inherited)",
				);
				GCC_PREPROCESSOR_DEFINITIONS = (
					"DEBUG=1",
					"$(inherited)",
				);
				INFOPLIST_FILE = ejSettingsTests/Info.plist;
				LD_RUNPATH_SEARCH_PATHS = "$(inherited) @executable_path/Frameworks @loader_path/Frameworks";
				PRODUCT_NAME = "$(TARGET_NAME)";
				TEST_HOST = "$(BUILT_PRODUCTS_DIR)/ejSettings.app/ejSettings";
			};
			name = Debug;
		};
		1B28EA331AC08FF0002DB97F /* Release */ = {
			isa = XCBuildConfiguration;
			buildSettings = {
				BUNDLE_LOADER = "$(TEST_HOST)";
				FRAMEWORK_SEARCH_PATHS = (
					"$(SDKROOT)/Developer/Library/Frameworks",
					"$(inherited)",
				);
				INFOPLIST_FILE = ejSettingsTests/Info.plist;
				LD_RUNPATH_SEARCH_PATHS = "$(inherited) @executable_path/Frameworks @loader_path/Frameworks";
				PRODUCT_NAME = "$(TARGET_NAME)";
				TEST_HOST = "$(BUILT_PRODUCTS_DIR)/ejSettings.app/ejSettings";
			};
			name = Release;
		};
/* End XCBuildConfiguration section */

/* Begin XCConfigurationList section */
		1B28EA061AC08FF0002DB97F /* Build configuration list for PBXProject "ejSettings" */ = {
			isa = XCConfigurationList;
			buildConfigurations = (
				1B28EA2C1AC08FF0002DB97F /* Debug */,
				1B28EA2D1AC08FF0002DB97F /* Release */,
			);
			defaultConfigurationIsVisible = 0;
			defaultConfigurationName = Release;
		};
		1B28EA2E1AC08FF0002DB97F /* Build configuration list for PBXNativeTarget "ejSettings" */ = {
			isa = XCConfigurationList;
			buildConfigurations = (
				1B28EA2F1AC08FF0002DB97F /* Debug */,
				1B28EA301AC08FF0002DB97F /* Release */,
			);
			defaultConfigurationIsVisible = 0;
		};
		1B28EA311AC08FF0002DB97F /* Build configuration list for PBXNativeTarget "ejSettingsTests" */ = {
			isa = XCConfigurationList;
			buildConfigurations = (
				1B28EA321AC08FF0002DB97F /* Debug */,
				1B28EA331AC08FF0002DB97F /* Release */,
			);
			defaultConfigurationIsVisible = 0;
		};
/* End XCConfigurationList section */
	};
	rootObject = 1B28EA031AC08FF0002DB97F /* Project object */;
}
