// !$*UTF8*$!
{
	archiveVersion = 1;
	classes = {
	};
	objectVersion = 46;
	objects = {

/* Begin PBXBuildFile section */
		FB413F091AE9636600D8D86D /* main.m in Sources */ = {isa = PBXBuildFile; fileRef = FB413F081AE9636600D8D86D /* main.m */; };
		FB413F0C1AE9636600D8D86D /* AppDelegate.m in Sources */ = {isa = PBXBuildFile; fileRef = FB413F0B1AE9636600D8D86D /* AppDelegate.m */; };
		FB413F121AE9636600D8D86D /* Main.storyboard in Resources */ = {isa = PBXBuildFile; fileRef = FB413F101AE9636600D8D86D /* Main.storyboard */; };
		FB413F141AE9636600D8D86D /* Images.xcassets in Resources */ = {isa = PBXBuildFile; fileRef = FB413F131AE9636600D8D86D /* Images.xcassets */; };
		FB413F171AE9636600D8D86D /* LaunchScreen.xib in Resources */ = {isa = PBXBuildFile; fileRef = FB413F151AE9636600D8D86D /* LaunchScreen.xib */; };
		FB413F231AE9636600D8D86D /* collectionViewTests.m in Sources */ = {isa = PBXBuildFile; fileRef = FB413F221AE9636600D8D86D /* collectionViewTests.m */; };
		FB413F2E1AE963C200D8D86D /* CollectionViewControllerFotos.m in Sources */ = {isa = PBXBuildFile; fileRef = FB413F2D1AE963C200D8D86D /* CollectionViewControllerFotos.m */; };
		FB413F311AE9649800D8D86D /* CollectionViewCell.m in Sources */ = {isa = PBXBuildFile; fileRef = FB413F301AE9649800D8D86D /* CollectionViewCell.m */; };
		FB413F361AE966F500D8D86D /* paisaje6.jpg in Resources */ = {isa = PBXBuildFile; fileRef = FB413F321AE966F500D8D86D /* paisaje6.jpg */; };
		FB413F371AE966F500D8D86D /* paisaje1.jpg in Resources */ = {isa = PBXBuildFile; fileRef = FB413F331AE966F500D8D86D /* paisaje1.jpg */; };
		FB413F381AE966F500D8D86D /* paisaje3.jpg in Resources */ = {isa = PBXBuildFile; fileRef = FB413F341AE966F500D8D86D /* paisaje3.jpg */; };
		FB413F391AE966F500D8D86D /* paisaje5.jpg in Resources */ = {isa = PBXBuildFile; fileRef = FB413F351AE966F500D8D86D /* paisaje5.jpg */; };
		FB413F3C1AE9698F00D8D86D /* ViewControllerDetalle.m in Sources */ = {isa = PBXBuildFile; fileRef = FB413F3B1AE9698F00D8D86D /* ViewControllerDetalle.m */; };
/* End PBXBuildFile section */

/* Begin PBXContainerItemProxy section */
		FB413F1D1AE9636600D8D86D /* PBXContainerItemProxy */ = {
			isa = PBXContainerItemProxy;
			containerPortal = FB413EFB1AE9636600D8D86D /* Project object */;
			proxyType = 1;
			remoteGlobalIDString = FB413F021AE9636600D8D86D;
			remoteInfo = collectionView;
		};
/* End PBXContainerItemProxy section */

/* Begin PBXFileReference section */
		FB413F031AE9636600D8D86D /* collectionView.app */ = {isa = PBXFileReference; explicitFileType = wrapper.application; includeInIndex = 0; path = collectionView.app; sourceTree = BUILT_PRODUCTS_DIR; };
		FB413F071AE9636600D8D86D /* Info.plist */ = {isa = PBXFileReference; lastKnownFileType = text.plist.xml; path = Info.plist; sourceTree = "<group>"; };
		FB413F081AE9636600D8D86D /* main.m */ = {isa = PBXFileReference; lastKnownFileType = sourcecode.c.objc; path = main.m; sourceTree = "<group>"; };
		FB413F0A1AE9636600D8D86D /* AppDelegate.h */ = {isa = PBXFileReference; lastKnownFileType = sourcecode.c.h; path = AppDelegate.h; sourceTree = "<group>"; };
		FB413F0B1AE9636600D8D86D /* AppDelegate.m */ = {isa = PBXFileReference; lastKnownFileType = sourcecode.c.objc; path = AppDelegate.m; sourceTree = "<group>"; };
		FB413F111AE9636600D8D86D /* Base */ = {isa = PBXFileReference; lastKnownFileType = file.storyboard; name = Base; path = Base.lproj/Main.storyboard; sourceTree = "<group>"; };
		FB413F131AE9636600D8D86D /* Images.xcassets */ = {isa = PBXFileReference; lastKnownFileType = folder.assetcatalog; path = Images.xcassets; sourceTree = "<group>"; };
		FB413F161AE9636600D8D86D /* Base */ = {isa = PBXFileReference; lastKnownFileType = file.xib; name = Base; path = Base.lproj/LaunchScreen.xib; sourceTree = "<group>"; };
		FB413F1C1AE9636600D8D86D /* collectionViewTests.xctest */ = {isa = PBXFileReference; explicitFileType = wrapper.cfbundle; includeInIndex = 0; path = collectionViewTests.xctest; sourceTree = BUILT_PRODUCTS_DIR; };
		FB413F211AE9636600D8D86D /* Info.plist */ = {isa = PBXFileReference; lastKnownFileType = text.plist.xml; path = Info.plist; sourceTree = "<group>"; };
		FB413F221AE9636600D8D86D /* collectionViewTests.m */ = {isa = PBXFileReference; lastKnownFileType = sourcecode.c.objc; path = collectionViewTests.m; sourceTree = "<group>"; };
		FB413F2C1AE963C200D8D86D /* CollectionViewControllerFotos.h */ = {isa = PBXFileReference; fileEncoding = 4; lastKnownFileType = sourcecode.c.h; path = CollectionViewControllerFotos.h; sourceTree = "<group>"; };
		FB413F2D1AE963C200D8D86D /* CollectionViewControllerFotos.m */ = {isa = PBXFileReference; fileEncoding = 4; lastKnownFileType = sourcecode.c.objc; path = CollectionViewControllerFotos.m; sourceTree = "<group>"; };
		FB413F2F1AE9649800D8D86D /* CollectionViewCell.h */ = {isa = PBXFileReference; fileEncoding = 4; lastKnownFileType = sourcecode.c.h; path = CollectionViewCell.h; sourceTree = "<group>"; };
		FB413F301AE9649800D8D86D /* CollectionViewCell.m */ = {isa = PBXFileReference; fileEncoding = 4; lastKnownFileType = sourcecode.c.objc; path = CollectionViewCell.m; sourceTree = "<group>"; };
		FB413F321AE966F500D8D86D /* paisaje6.jpg */ = {isa = PBXFileReference; lastKnownFileType = image.jpeg; path = paisaje6.jpg; sourceTree = "<group>"; };
		FB413F331AE966F500D8D86D /* paisaje1.jpg */ = {isa = PBXFileReference; lastKnownFileType = image.jpeg; path = paisaje1.jpg; sourceTree = "<group>"; };
		FB413F341AE966F500D8D86D /* paisaje3.jpg */ = {isa = PBXFileReference; lastKnownFileType = image.jpeg; path = paisaje3.jpg; sourceTree = "<group>"; };
		FB413F351AE966F500D8D86D /* paisaje5.jpg */ = {isa = PBXFileReference; lastKnownFileType = image.jpeg; path = paisaje5.jpg; sourceTree = "<group>"; };
		FB413F3A1AE9698F00D8D86D /* ViewControllerDetalle.h */ = {isa = PBXFileReference; fileEncoding = 4; lastKnownFileType = sourcecode.c.h; path = ViewControllerDetalle.h; sourceTree = "<group>"; };
		FB413F3B1AE9698F00D8D86D /* ViewControllerDetalle.m */ = {isa = PBXFileReference; fileEncoding = 4; lastKnownFileType = sourcecode.c.objc; path = ViewControllerDetalle.m; sourceTree = "<group>"; };
/* End PBXFileReference section */

/* Begin PBXFrameworksBuildPhase section */
		FB413F001AE9636600D8D86D /* Frameworks */ = {
			isa = PBXFrameworksBuildPhase;
			buildActionMask = 2147483647;
			files = (
			);
			runOnlyForDeploymentPostprocessing = 0;
		};
		FB413F191AE9636600D8D86D /* Frameworks */ = {
			isa = PBXFrameworksBuildPhase;
			buildActionMask = 2147483647;
			files = (
			);
			runOnlyForDeploymentPostprocessing = 0;
		};
/* End PBXFrameworksBuildPhase section */

/* Begin PBXGroup section */
		FB413EFA1AE9636600D8D86D = {
			isa = PBXGroup;
			children = (
				FB413F051AE9636600D8D86D /* collectionView */,
				FB413F1F1AE9636600D8D86D /* collectionViewTests */,
				FB413F041AE9636600D8D86D /* Products */,
				FB413F321AE966F500D8D86D /* paisaje6.jpg */,
				FB413F331AE966F500D8D86D /* paisaje1.jpg */,
				FB413F341AE966F500D8D86D /* paisaje3.jpg */,
				FB413F351AE966F500D8D86D /* paisaje5.jpg */,
			);
			sourceTree = "<group>";
		};
		FB413F041AE9636600D8D86D /* Products */ = {
			isa = PBXGroup;
			children = (
				FB413F031AE9636600D8D86D /* collectionView.app */,
				FB413F1C1AE9636600D8D86D /* collectionViewTests.xctest */,
			);
			name = Products;
			sourceTree = "<group>";
		};
		FB413F051AE9636600D8D86D /* collectionView */ = {
			isa = PBXGroup;
			children = (
				FB413F0A1AE9636600D8D86D /* AppDelegate.h */,
				FB413F0B1AE9636600D8D86D /* AppDelegate.m */,
				FB413F101AE9636600D8D86D /* Main.storyboard */,
				FB413F3A1AE9698F00D8D86D /* ViewControllerDetalle.h */,
				FB413F3B1AE9698F00D8D86D /* ViewControllerDetalle.m */,
				FB413F2F1AE9649800D8D86D /* CollectionViewCell.h */,
				FB413F301AE9649800D8D86D /* CollectionViewCell.m */,
				FB413F2C1AE963C200D8D86D /* CollectionViewControllerFotos.h */,
				FB413F2D1AE963C200D8D86D /* CollectionViewControllerFotos.m */,
				FB413F131AE9636600D8D86D /* Images.xcassets */,
				FB413F151AE9636600D8D86D /* LaunchScreen.xib */,
				FB413F061AE9636600D8D86D /* Supporting Files */,
			);
			path = collectionView;
			sourceTree = "<group>";
		};
		FB413F061AE9636600D8D86D /* Supporting Files */ = {
			isa = PBXGroup;
			children = (
				FB413F071AE9636600D8D86D /* Info.plist */,
				FB413F081AE9636600D8D86D /* main.m */,
			);
			name = "Supporting Files";
			sourceTree = "<group>";
		};
		FB413F1F1AE9636600D8D86D /* collectionViewTests */ = {
			isa = PBXGroup;
			children = (
				FB413F221AE9636600D8D86D /* collectionViewTests.m */,
				FB413F201AE9636600D8D86D /* Supporting Files */,
			);
			path = collectionViewTests;
			sourceTree = "<group>";
		};
		FB413F201AE9636600D8D86D /* Supporting Files */ = {
			isa = PBXGroup;
			children = (
				FB413F211AE9636600D8D86D /* Info.plist */,
			);
			name = "Supporting Files";
			sourceTree = "<group>";
		};
/* End PBXGroup section */

/* Begin PBXNativeTarget section */
		FB413F021AE9636600D8D86D /* collectionView */ = {
			isa = PBXNativeTarget;
			buildConfigurationList = FB413F261AE9636600D8D86D /* Build configuration list for PBXNativeTarget "collectionView" */;
			buildPhases = (
				FB413EFF1AE9636600D8D86D /* Sources */,
				FB413F001AE9636600D8D86D /* Frameworks */,
				FB413F011AE9636600D8D86D /* Resources */,
			);
			buildRules = (
			);
			dependencies = (
			);
			name = collectionView;
			productName = collectionView;
			productReference = FB413F031AE9636600D8D86D /* collectionView.app */;
			productType = "com.apple.product-type.application";
		};
		FB413F1B1AE9636600D8D86D /* collectionViewTests */ = {
			isa = PBXNativeTarget;
			buildConfigurationList = FB413F291AE9636600D8D86D /* Build configuration list for PBXNativeTarget "collectionViewTests" */;
			buildPhases = (
				FB413F181AE9636600D8D86D /* Sources */,
				FB413F191AE9636600D8D86D /* Frameworks */,
				FB413F1A1AE9636600D8D86D /* Resources */,
			);
			buildRules = (
			);
			dependencies = (
				FB413F1E1AE9636600D8D86D /* PBXTargetDependency */,
			);
			name = collectionViewTests;
			productName = collectionViewTests;
			productReference = FB413F1C1AE9636600D8D86D /* collectionViewTests.xctest */;
			productType = "com.apple.product-type.bundle.unit-test";
		};
/* End PBXNativeTarget section */

/* Begin PBXProject section */
		FB413EFB1AE9636600D8D86D /* Project object */ = {
			isa = PBXProject;
			attributes = {
				LastUpgradeCheck = 0610;
				ORGANIZATIONNAME = ITESM;
				TargetAttributes = {
					FB413F021AE9636600D8D86D = {
						CreatedOnToolsVersion = 6.1.1;
					};
					FB413F1B1AE9636600D8D86D = {
						CreatedOnToolsVersion = 6.1.1;
						TestTargetID = FB413F021AE9636600D8D86D;
					};
				};
			};
			buildConfigurationList = FB413EFE1AE9636600D8D86D /* Build configuration list for PBXProject "collectionView" */;
			compatibilityVersion = "Xcode 3.2";
			developmentRegion = English;
			hasScannedForEncodings = 0;
			knownRegions = (
				en,
				Base,
			);
			mainGroup = FB413EFA1AE9636600D8D86D;
			productRefGroup = FB413F041AE9636600D8D86D /* Products */;
			projectDirPath = "";
			projectRoot = "";
			targets = (
				FB413F021AE9636600D8D86D /* collectionView */,
				FB413F1B1AE9636600D8D86D /* collectionViewTests */,
			);
		};
/* End PBXProject section */

/* Begin PBXResourcesBuildPhase section */
		FB413F011AE9636600D8D86D /* Resources */ = {
			isa = PBXResourcesBuildPhase;
			buildActionMask = 2147483647;
			files = (
				FB413F121AE9636600D8D86D /* Main.storyboard in Resources */,
				FB413F171AE9636600D8D86D /* LaunchScreen.xib in Resources */,
				FB413F361AE966F500D8D86D /* paisaje6.jpg in Resources */,
				FB413F141AE9636600D8D86D /* Images.xcassets in Resources */,
				FB413F391AE966F500D8D86D /* paisaje5.jpg in Resources */,
				FB413F371AE966F500D8D86D /* paisaje1.jpg in Resources */,
				FB413F381AE966F500D8D86D /* paisaje3.jpg in Resources */,
			);
			runOnlyForDeploymentPostprocessing = 0;
		};
		FB413F1A1AE9636600D8D86D /* Resources */ = {
			isa = PBXResourcesBuildPhase;
			buildActionMask = 2147483647;
			files = (
			);
			runOnlyForDeploymentPostprocessing = 0;
		};
/* End PBXResourcesBuildPhase section */

/* Begin PBXSourcesBuildPhase section */
		FB413EFF1AE9636600D8D86D /* Sources */ = {
			isa = PBXSourcesBuildPhase;
			buildActionMask = 2147483647;
			files = (
				FB413F2E1AE963C200D8D86D /* CollectionViewControllerFotos.m in Sources */,
				FB413F0C1AE9636600D8D86D /* AppDelegate.m in Sources */,
				FB413F311AE9649800D8D86D /* CollectionViewCell.m in Sources */,
				FB413F3C1AE9698F00D8D86D /* ViewControllerDetalle.m in Sources */,
				FB413F091AE9636600D8D86D /* main.m in Sources */,
			);
			runOnlyForDeploymentPostprocessing = 0;
		};
		FB413F181AE9636600D8D86D /* Sources */ = {
			isa = PBXSourcesBuildPhase;
			buildActionMask = 2147483647;
			files = (
				FB413F231AE9636600D8D86D /* collectionViewTests.m in Sources */,
			);
			runOnlyForDeploymentPostprocessing = 0;
		};
/* End PBXSourcesBuildPhase section */

/* Begin PBXTargetDependency section */
		FB413F1E1AE9636600D8D86D /* PBXTargetDependency */ = {
			isa = PBXTargetDependency;
			target = FB413F021AE9636600D8D86D /* collectionView */;
			targetProxy = FB413F1D1AE9636600D8D86D /* PBXContainerItemProxy */;
		};
/* End PBXTargetDependency section */

/* Begin PBXVariantGroup section */
		FB413F101AE9636600D8D86D /* Main.storyboard */ = {
			isa = PBXVariantGroup;
			children = (
				FB413F111AE9636600D8D86D /* Base */,
			);
			name = Main.storyboard;
			sourceTree = "<group>";
		};
		FB413F151AE9636600D8D86D /* LaunchScreen.xib */ = {
			isa = PBXVariantGroup;
			children = (
				FB413F161AE9636600D8D86D /* Base */,
			);
			name = LaunchScreen.xib;
			sourceTree = "<group>";
		};
/* End PBXVariantGroup section */

/* Begin XCBuildConfiguration section */
		FB413F241AE9636600D8D86D /* Debug */ = {
			isa = XCBuildConfiguration;
			buildSettings = {
				ALWAYS_SEARCH_USER_PATHS = NO;
				CLANG_CXX_LANGUAGE_STANDARD = "gnu++0x";
				CLANG_CXX_LIBRARY = "libc++";
				CLANG_ENABLE_MODULES = YES;
				CLANG_ENABLE_OBJC_ARC = YES;
				CLANG_WARN_BOOL_CONVERSION = YES;
				CLANG_WARN_CONSTANT_CONVERSION = YES;
				CLANG_WARN_DIRECT_OBJC_ISA_USAGE = YES_ERROR;
				CLANG_WARN_EMPTY_BODY = YES;
				CLANG_WARN_ENUM_CONVERSION = YES;
				CLANG_WARN_INT_CONVERSION = YES;
				CLANG_WARN_OBJC_ROOT_CLASS = YES_ERROR;
				CLANG_WARN_UNREACHABLE_CODE = YES;
				CLANG_WARN__DUPLICATE_METHOD_MATCH = YES;
				"CODE_SIGN_IDENTITY[sdk=iphoneos*]" = "iPhone Developer";
				COPY_PHASE_STRIP = NO;
				ENABLE_STRICT_OBJC_MSGSEND = YES;
				GCC_C_LANGUAGE_STANDARD = gnu99;
				GCC_DYNAMIC_NO_PIC = NO;
				GCC_OPTIMIZATION_LEVEL = 0;
				GCC_PREPROCESSOR_DEFINITIONS = (
					"DEBUG=1",
					"$(inherited)",
				);
				GCC_SYMBOLS_PRIVATE_EXTERN = NO;
				GCC_WARN_64_TO_32_BIT_CONVERSION = YES;
				GCC_WARN_ABOUT_RETURN_TYPE = YES_ERROR;
				GCC_WARN_UNDECLARED_SELECTOR = YES;
				GCC_WARN_UNINITIALIZED_AUTOS = YES_AGGRESSIVE;
				GCC_WARN_UNUSED_FUNCTION = YES;
				GCC_WARN_UNUSED_VARIABLE = YES;
				IPHONEOS_DEPLOYMENT_TARGET = 8.1;
				MTL_ENABLE_DEBUG_INFO = YES;
				ONLY_ACTIVE_ARCH = YES;
				SDKROOT = iphoneos;
			};
			name = Debug;
		};
		FB413F251AE9636600D8D86D /* Release */ = {
			isa = XCBuildConfiguration;
			buildSettings = {
				ALWAYS_SEARCH_USER_PATHS = NO;
				CLANG_CXX_LANGUAGE_STANDARD = "gnu++0x";
				CLANG_CXX_LIBRARY = "libc++";
				CLANG_ENABLE_MODULES = YES;
				CLANG_ENABLE_OBJC_ARC = YES;
				CLANG_WARN_BOOL_CONVERSION = YES;
				CLANG_WARN_CONSTANT_CONVERSION = YES;
				CLANG_WARN_DIRECT_OBJC_ISA_USAGE = YES_ERROR;
				CLANG_WARN_EMPTY_BODY = YES;
				CLANG_WARN_ENUM_CONVERSION = YES;
				CLANG_WARN_INT_CONVERSION = YES;
				CLANG_WARN_OBJC_ROOT_CLASS = YES_ERROR;
				CLANG_WARN_UNREACHABLE_CODE = YES;
				CLANG_WARN__DUPLICATE_METHOD_MATCH = YES;
				"CODE_SIGN_IDENTITY[sdk=iphoneos*]" = "iPhone Developer";
				COPY_PHASE_STRIP = YES;
				ENABLE_NS_ASSERTIONS = NO;
				ENABLE_STRICT_OBJC_MSGSEND = YES;
				GCC_C_LANGUAGE_STANDARD = gnu99;
				GCC_WARN_64_TO_32_BIT_CONVERSION = YES;
				GCC_WARN_ABOUT_RETURN_TYPE = YES_ERROR;
				GCC_WARN_UNDECLARED_SELECTOR = YES;
				GCC_WARN_UNINITIALIZED_AUTOS = YES_AGGRESSIVE;
				GCC_WARN_UNUSED_FUNCTION = YES;
				GCC_WARN_UNUSED_VARIABLE = YES;
				IPHONEOS_DEPLOYMENT_TARGET = 8.1;
				MTL_ENABLE_DEBUG_INFO = NO;
				SDKROOT = iphoneos;
				VALIDATE_PRODUCT = YES;
			};
			name = Release;
		};
		FB413F271AE9636600D8D86D /* Debug */ = {
			isa = XCBuildConfiguration;
			buildSettings = {
				ASSETCATALOG_COMPILER_APPICON_NAME = AppIcon;
				INFOPLIST_FILE = collectionView/Info.plist;
				LD_RUNPATH_SEARCH_PATHS = "$(inherited) @executable_path/Frameworks";
				PRODUCT_NAME = "$(TARGET_NAME)";
			};
			name = Debug;
		};
		FB413F281AE9636600D8D86D /* Release */ = {
			isa = XCBuildConfiguration;
			buildSettings = {
				ASSETCATALOG_COMPILER_APPICON_NAME = AppIcon;
				INFOPLIST_FILE = collectionView/Info.plist;
				LD_RUNPATH_SEARCH_PATHS = "$(inherited) @executable_path/Frameworks";
				PRODUCT_NAME = "$(TARGET_NAME)";
			};
			name = Release;
		};
		FB413F2A1AE9636600D8D86D /* Debug */ = {
			isa = XCBuildConfiguration;
			buildSettings = {
				BUNDLE_LOADER = "$(TEST_HOST)";
				FRAMEWORK_SEARCH_PATHS = (
					"$(SDKROOT)/Developer/Library/Frameworks",
					"$(inherited)",
				);
				GCC_PREPROCESSOR_DEFINITIONS = (
					"DEBUG=1",
					"$(inherited)",
				);
				INFOPLIST_FILE = collectionViewTests/Info.plist;
				LD_RUNPATH_SEARCH_PATHS = "$(inherited) @executable_path/Frameworks @loader_path/Frameworks";
				PRODUCT_NAME = "$(TARGET_NAME)";
				TEST_HOST = "$(BUILT_PRODUCTS_DIR)/collectionView.app/collectionView";
			};
			name = Debug;
		};
		FB413F2B1AE9636600D8D86D /* Release */ = {
			isa = XCBuildConfiguration;
			buildSettings = {
				BUNDLE_LOADER = "$(TEST_HOST)";
				FRAMEWORK_SEARCH_PATHS = (
					"$(SDKROOT)/Developer/Library/Frameworks",
					"$(inherited)",
				);
				INFOPLIST_FILE = collectionViewTests/Info.plist;
				LD_RUNPATH_SEARCH_PATHS = "$(inherited) @executable_path/Frameworks @loader_path/Frameworks";
				PRODUCT_NAME = "$(TARGET_NAME)";
				TEST_HOST = "$(BUILT_PRODUCTS_DIR)/collectionView.app/collectionView";
			};
			name = Release;
		};
/* End XCBuildConfiguration section */

/* Begin XCConfigurationList section */
		FB413EFE1AE9636600D8D86D /* Build configuration list for PBXProject "collectionView" */ = {
			isa = XCConfigurationList;
			buildConfigurations = (
				FB413F241AE9636600D8D86D /* Debug */,
				FB413F251AE9636600D8D86D /* Release */,
			);
			defaultConfigurationIsVisible = 0;
			defaultConfigurationName = Release;
		};
		FB413F261AE9636600D8D86D /* Build configuration list for PBXNativeTarget "collectionView" */ = {
			isa = XCConfigurationList;
			buildConfigurations = (
				FB413F271AE9636600D8D86D /* Debug */,
				FB413F281AE9636600D8D86D /* Release */,
			);
			defaultConfigurationIsVisible = 0;
		};
		FB413F291AE9636600D8D86D /* Build configuration list for PBXNativeTarget "collectionViewTests" */ = {
			isa = XCConfigurationList;
			buildConfigurations = (
				FB413F2A1AE9636600D8D86D /* Debug */,
				FB413F2B1AE9636600D8D86D /* Release */,
			);
			defaultConfigurationIsVisible = 0;
		};
/* End XCConfigurationList section */
	};
	rootObject = FB413EFB1AE9636600D8D86D /* Project object */;
}
