// !$*UTF8*$!
{
	archiveVersion = 1;
	classes = {
	};
	objectVersion = 46;
	objects = {

/* Begin PBXBuildFile section */
		1BC811881AA4E3470013D709 /* main.m in Sources */ = {isa = PBXBuildFile; fileRef = 1BC811871AA4E3470013D709 /* main.m */; };
		1BC8118B1AA4E3470013D709 /* AppDelegate.m in Sources */ = {isa = PBXBuildFile; fileRef = 1BC8118A1AA4E3470013D709 /* AppDelegate.m */; };
		1BC8118E1AA4E3470013D709 /* MasterViewController.m in Sources */ = {isa = PBXBuildFile; fileRef = 1BC8118D1AA4E3470013D709 /* MasterViewController.m */; };
		1BC811911AA4E3470013D709 /* DetailViewController.m in Sources */ = {isa = PBXBuildFile; fileRef = 1BC811901AA4E3470013D709 /* DetailViewController.m */; };
		1BC811941AA4E3480013D709 /* Main.storyboard in Resources */ = {isa = PBXBuildFile; fileRef = 1BC811921AA4E3480013D709 /* Main.storyboard */; };
		1BC811961AA4E3480013D709 /* Images.xcassets in Resources */ = {isa = PBXBuildFile; fileRef = 1BC811951AA4E3480013D709 /* Images.xcassets */; };
		1BC811991AA4E3480013D709 /* LaunchScreen.xib in Resources */ = {isa = PBXBuildFile; fileRef = 1BC811971AA4E3480013D709 /* LaunchScreen.xib */; };
		1BC811A51AA4E3480013D709 /* cargarDatosPlist_02_03_15Tests.m in Sources */ = {isa = PBXBuildFile; fileRef = 1BC811A41AA4E3480013D709 /* cargarDatosPlist_02_03_15Tests.m */; };
		1BC811AF1AA4E3830013D709 /* Property List.plist in Resources */ = {isa = PBXBuildFile; fileRef = 1BC811AE1AA4E3830013D709 /* Property List.plist */; };
/* End PBXBuildFile section */

/* Begin PBXContainerItemProxy section */
		1BC8119F1AA4E3480013D709 /* PBXContainerItemProxy */ = {
			isa = PBXContainerItemProxy;
			containerPortal = 1BC8117A1AA4E3470013D709 /* Project object */;
			proxyType = 1;
			remoteGlobalIDString = 1BC811811AA4E3470013D709;
			remoteInfo = "cargarDatosPlist-02-03-15";
		};
/* End PBXContainerItemProxy section */

/* Begin PBXFileReference section */
		1BC811821AA4E3470013D709 /* cargarDatosPlist-02-03-15.app */ = {isa = PBXFileReference; explicitFileType = wrapper.application; includeInIndex = 0; path = "cargarDatosPlist-02-03-15.app"; sourceTree = BUILT_PRODUCTS_DIR; };
		1BC811861AA4E3470013D709 /* Info.plist */ = {isa = PBXFileReference; lastKnownFileType = text.plist.xml; path = Info.plist; sourceTree = "<group>"; };
		1BC811871AA4E3470013D709 /* main.m */ = {isa = PBXFileReference; lastKnownFileType = sourcecode.c.objc; path = main.m; sourceTree = "<group>"; };
		1BC811891AA4E3470013D709 /* AppDelegate.h */ = {isa = PBXFileReference; lastKnownFileType = sourcecode.c.h; path = AppDelegate.h; sourceTree = "<group>"; };
		1BC8118A1AA4E3470013D709 /* AppDelegate.m */ = {isa = PBXFileReference; lastKnownFileType = sourcecode.c.objc; path = AppDelegate.m; sourceTree = "<group>"; };
		1BC8118C1AA4E3470013D709 /* MasterViewController.h */ = {isa = PBXFileReference; lastKnownFileType = sourcecode.c.h; path = MasterViewController.h; sourceTree = "<group>"; };
		1BC8118D1AA4E3470013D709 /* MasterViewController.m */ = {isa = PBXFileReference; lastKnownFileType = sourcecode.c.objc; path = MasterViewController.m; sourceTree = "<group>"; };
		1BC8118F1AA4E3470013D709 /* DetailViewController.h */ = {isa = PBXFileReference; lastKnownFileType = sourcecode.c.h; path = DetailViewController.h; sourceTree = "<group>"; };
		1BC811901AA4E3470013D709 /* DetailViewController.m */ = {isa = PBXFileReference; lastKnownFileType = sourcecode.c.objc; path = DetailViewController.m; sourceTree = "<group>"; };
		1BC811931AA4E3480013D709 /* Base */ = {isa = PBXFileReference; lastKnownFileType = file.storyboard; name = Base; path = Base.lproj/Main.storyboard; sourceTree = "<group>"; };
		1BC811951AA4E3480013D709 /* Images.xcassets */ = {isa = PBXFileReference; lastKnownFileType = folder.assetcatalog; path = Images.xcassets; sourceTree = "<group>"; };
		1BC811981AA4E3480013D709 /* Base */ = {isa = PBXFileReference; lastKnownFileType = file.xib; name = Base; path = Base.lproj/LaunchScreen.xib; sourceTree = "<group>"; };
		1BC8119E1AA4E3480013D709 /* cargarDatosPlist-02-03-15Tests.xctest */ = {isa = PBXFileReference; explicitFileType = wrapper.cfbundle; includeInIndex = 0; path = "cargarDatosPlist-02-03-15Tests.xctest"; sourceTree = BUILT_PRODUCTS_DIR; };
		1BC811A31AA4E3480013D709 /* Info.plist */ = {isa = PBXFileReference; lastKnownFileType = text.plist.xml; path = Info.plist; sourceTree = "<group>"; };
		1BC811A41AA4E3480013D709 /* cargarDatosPlist_02_03_15Tests.m */ = {isa = PBXFileReference; lastKnownFileType = sourcecode.c.objc; path = cargarDatosPlist_02_03_15Tests.m; sourceTree = "<group>"; };
		1BC811AE1AA4E3830013D709 /* Property List.plist */ = {isa = PBXFileReference; fileEncoding = 4; lastKnownFileType = text.plist.xml; path = "Property List.plist"; sourceTree = "<group>"; };
/* End PBXFileReference section */

/* Begin PBXFrameworksBuildPhase section */
		1BC8117F1AA4E3470013D709 /* Frameworks */ = {
			isa = PBXFrameworksBuildPhase;
			buildActionMask = 2147483647;
			files = (
			);
			runOnlyForDeploymentPostprocessing = 0;
		};
		1BC8119B1AA4E3480013D709 /* Frameworks */ = {
			isa = PBXFrameworksBuildPhase;
			buildActionMask = 2147483647;
			files = (
			);
			runOnlyForDeploymentPostprocessing = 0;
		};
/* End PBXFrameworksBuildPhase section */

/* Begin PBXGroup section */
		1BC811791AA4E3470013D709 = {
			isa = PBXGroup;
			children = (
				1BC811841AA4E3470013D709 /* cargarDatosPlist-02-03-15 */,
				1BC811A11AA4E3480013D709 /* cargarDatosPlist-02-03-15Tests */,
				1BC811831AA4E3470013D709 /* Products */,
			);
			sourceTree = "<group>";
		};
		1BC811831AA4E3470013D709 /* Products */ = {
			isa = PBXGroup;
			children = (
				1BC811821AA4E3470013D709 /* cargarDatosPlist-02-03-15.app */,
				1BC8119E1AA4E3480013D709 /* cargarDatosPlist-02-03-15Tests.xctest */,
			);
			name = Products;
			sourceTree = "<group>";
		};
		1BC811841AA4E3470013D709 /* cargarDatosPlist-02-03-15 */ = {
			isa = PBXGroup;
			children = (
				1BC811891AA4E3470013D709 /* AppDelegate.h */,
				1BC8118A1AA4E3470013D709 /* AppDelegate.m */,
				1BC8118C1AA4E3470013D709 /* MasterViewController.h */,
				1BC8118D1AA4E3470013D709 /* MasterViewController.m */,
				1BC8118F1AA4E3470013D709 /* DetailViewController.h */,
				1BC811901AA4E3470013D709 /* DetailViewController.m */,
				1BC811921AA4E3480013D709 /* Main.storyboard */,
				1BC811AE1AA4E3830013D709 /* Property List.plist */,
				1BC811951AA4E3480013D709 /* Images.xcassets */,
				1BC811971AA4E3480013D709 /* LaunchScreen.xib */,
				1BC811851AA4E3470013D709 /* Supporting Files */,
			);
			path = "cargarDatosPlist-02-03-15";
			sourceTree = "<group>";
		};
		1BC811851AA4E3470013D709 /* Supporting Files */ = {
			isa = PBXGroup;
			children = (
				1BC811861AA4E3470013D709 /* Info.plist */,
				1BC811871AA4E3470013D709 /* main.m */,
			);
			name = "Supporting Files";
			sourceTree = "<group>";
		};
		1BC811A11AA4E3480013D709 /* cargarDatosPlist-02-03-15Tests */ = {
			isa = PBXGroup;
			children = (
				1BC811A41AA4E3480013D709 /* cargarDatosPlist_02_03_15Tests.m */,
				1BC811A21AA4E3480013D709 /* Supporting Files */,
			);
			path = "cargarDatosPlist-02-03-15Tests";
			sourceTree = "<group>";
		};
		1BC811A21AA4E3480013D709 /* Supporting Files */ = {
			isa = PBXGroup;
			children = (
				1BC811A31AA4E3480013D709 /* Info.plist */,
			);
			name = "Supporting Files";
			sourceTree = "<group>";
		};
/* End PBXGroup section */

/* Begin PBXNativeTarget section */
		1BC811811AA4E3470013D709 /* cargarDatosPlist-02-03-15 */ = {
			isa = PBXNativeTarget;
			buildConfigurationList = 1BC811A81AA4E3480013D709 /* Build configuration list for PBXNativeTarget "cargarDatosPlist-02-03-15" */;
			buildPhases = (
				1BC8117E1AA4E3470013D709 /* Sources */,
				1BC8117F1AA4E3470013D709 /* Frameworks */,
				1BC811801AA4E3470013D709 /* Resources */,
			);
			buildRules = (
			);
			dependencies = (
			);
			name = "cargarDatosPlist-02-03-15";
			productName = "cargarDatosPlist-02-03-15";
			productReference = 1BC811821AA4E3470013D709 /* cargarDatosPlist-02-03-15.app */;
			productType = "com.apple.product-type.application";
		};
		1BC8119D1AA4E3480013D709 /* cargarDatosPlist-02-03-15Tests */ = {
			isa = PBXNativeTarget;
			buildConfigurationList = 1BC811AB1AA4E3480013D709 /* Build configuration list for PBXNativeTarget "cargarDatosPlist-02-03-15Tests" */;
			buildPhases = (
				1BC8119A1AA4E3480013D709 /* Sources */,
				1BC8119B1AA4E3480013D709 /* Frameworks */,
				1BC8119C1AA4E3480013D709 /* Resources */,
			);
			buildRules = (
			);
			dependencies = (
				1BC811A01AA4E3480013D709 /* PBXTargetDependency */,
			);
			name = "cargarDatosPlist-02-03-15Tests";
			productName = "cargarDatosPlist-02-03-15Tests";
			productReference = 1BC8119E1AA4E3480013D709 /* cargarDatosPlist-02-03-15Tests.xctest */;
			productType = "com.apple.product-type.bundle.unit-test";
		};
/* End PBXNativeTarget section */

/* Begin PBXProject section */
		1BC8117A1AA4E3470013D709 /* Project object */ = {
			isa = PBXProject;
			attributes = {
				LastUpgradeCheck = 0610;
				ORGANIZATIONNAME = NLCJohn;
				TargetAttributes = {
					1BC811811AA4E3470013D709 = {
						CreatedOnToolsVersion = 6.1.1;
					};
					1BC8119D1AA4E3480013D709 = {
						CreatedOnToolsVersion = 6.1.1;
						TestTargetID = 1BC811811AA4E3470013D709;
					};
				};
			};
			buildConfigurationList = 1BC8117D1AA4E3470013D709 /* Build configuration list for PBXProject "cargarDatosPlist-02-03-15" */;
			compatibilityVersion = "Xcode 3.2";
			developmentRegion = English;
			hasScannedForEncodings = 0;
			knownRegions = (
				en,
				Base,
			);
			mainGroup = 1BC811791AA4E3470013D709;
			productRefGroup = 1BC811831AA4E3470013D709 /* Products */;
			projectDirPath = "";
			projectRoot = "";
			targets = (
				1BC811811AA4E3470013D709 /* cargarDatosPlist-02-03-15 */,
				1BC8119D1AA4E3480013D709 /* cargarDatosPlist-02-03-15Tests */,
			);
		};
/* End PBXProject section */

/* Begin PBXResourcesBuildPhase section */
		1BC811801AA4E3470013D709 /* Resources */ = {
			isa = PBXResourcesBuildPhase;
			buildActionMask = 2147483647;
			files = (
				1BC811941AA4E3480013D709 /* Main.storyboard in Resources */,
				1BC811991AA4E3480013D709 /* LaunchScreen.xib in Resources */,
				1BC811AF1AA4E3830013D709 /* Property List.plist in Resources */,
				1BC811961AA4E3480013D709 /* Images.xcassets in Resources */,
			);
			runOnlyForDeploymentPostprocessing = 0;
		};
		1BC8119C1AA4E3480013D709 /* Resources */ = {
			isa = PBXResourcesBuildPhase;
			buildActionMask = 2147483647;
			files = (
			);
			runOnlyForDeploymentPostprocessing = 0;
		};
/* End PBXResourcesBuildPhase section */

/* Begin PBXSourcesBuildPhase section */
		1BC8117E1AA4E3470013D709 /* Sources */ = {
			isa = PBXSourcesBuildPhase;
			buildActionMask = 2147483647;
			files = (
				1BC8118B1AA4E3470013D709 /* AppDelegate.m in Sources */,
				1BC8118E1AA4E3470013D709 /* MasterViewController.m in Sources */,
				1BC811881AA4E3470013D709 /* main.m in Sources */,
				1BC811911AA4E3470013D709 /* DetailViewController.m in Sources */,
			);
			runOnlyForDeploymentPostprocessing = 0;
		};
		1BC8119A1AA4E3480013D709 /* Sources */ = {
			isa = PBXSourcesBuildPhase;
			buildActionMask = 2147483647;
			files = (
				1BC811A51AA4E3480013D709 /* cargarDatosPlist_02_03_15Tests.m in Sources */,
			);
			runOnlyForDeploymentPostprocessing = 0;
		};
/* End PBXSourcesBuildPhase section */

/* Begin PBXTargetDependency section */
		1BC811A01AA4E3480013D709 /* PBXTargetDependency */ = {
			isa = PBXTargetDependency;
			target = 1BC811811AA4E3470013D709 /* cargarDatosPlist-02-03-15 */;
			targetProxy = 1BC8119F1AA4E3480013D709 /* PBXContainerItemProxy */;
		};
/* End PBXTargetDependency section */

/* Begin PBXVariantGroup section */
		1BC811921AA4E3480013D709 /* Main.storyboard */ = {
			isa = PBXVariantGroup;
			children = (
				1BC811931AA4E3480013D709 /* Base */,
			);
			name = Main.storyboard;
			sourceTree = "<group>";
		};
		1BC811971AA4E3480013D709 /* LaunchScreen.xib */ = {
			isa = PBXVariantGroup;
			children = (
				1BC811981AA4E3480013D709 /* Base */,
			);
			name = LaunchScreen.xib;
			sourceTree = "<group>";
		};
/* End PBXVariantGroup section */

/* Begin XCBuildConfiguration section */
		1BC811A61AA4E3480013D709 /* Debug */ = {
			isa = XCBuildConfiguration;
			buildSettings = {
				ALWAYS_SEARCH_USER_PATHS = NO;
				CLANG_CXX_LANGUAGE_STANDARD = "gnu++0x";
				CLANG_CXX_LIBRARY = "libc++";
				CLANG_ENABLE_MODULES = YES;
				CLANG_ENABLE_OBJC_ARC = YES;
				CLANG_WARN_BOOL_CONVERSION = YES;
				CLANG_WARN_CONSTANT_CONVERSION = YES;
				CLANG_WARN_DIRECT_OBJC_ISA_USAGE = YES_ERROR;
				CLANG_WARN_EMPTY_BODY = YES;
				CLANG_WARN_ENUM_CONVERSION = YES;
				CLANG_WARN_INT_CONVERSION = YES;
				CLANG_WARN_OBJC_ROOT_CLASS = YES_ERROR;
				CLANG_WARN_UNREACHABLE_CODE = YES;
				CLANG_WARN__DUPLICATE_METHOD_MATCH = YES;
				"CODE_SIGN_IDENTITY[sdk=iphoneos*]" = "iPhone Developer";
				COPY_PHASE_STRIP = NO;
				ENABLE_STRICT_OBJC_MSGSEND = YES;
				GCC_C_LANGUAGE_STANDARD = gnu99;
				GCC_DYNAMIC_NO_PIC = NO;
				GCC_OPTIMIZATION_LEVEL = 0;
				GCC_PREPROCESSOR_DEFINITIONS = (
					"DEBUG=1",
					"$(inherited)",
				);
				GCC_SYMBOLS_PRIVATE_EXTERN = NO;
				GCC_WARN_64_TO_32_BIT_CONVERSION = YES;
				GCC_WARN_ABOUT_RETURN_TYPE = YES_ERROR;
				GCC_WARN_UNDECLARED_SELECTOR = YES;
				GCC_WARN_UNINITIALIZED_AUTOS = YES_AGGRESSIVE;
				GCC_WARN_UNUSED_FUNCTION = YES;
				GCC_WARN_UNUSED_VARIABLE = YES;
				IPHONEOS_DEPLOYMENT_TARGET = 8.1;
				MTL_ENABLE_DEBUG_INFO = YES;
				ONLY_ACTIVE_ARCH = YES;
				SDKROOT = iphoneos;
			};
			name = Debug;
		};
		1BC811A71AA4E3480013D709 /* Release */ = {
			isa = XCBuildConfiguration;
			buildSettings = {
				ALWAYS_SEARCH_USER_PATHS = NO;
				CLANG_CXX_LANGUAGE_STANDARD = "gnu++0x";
				CLANG_CXX_LIBRARY = "libc++";
				CLANG_ENABLE_MODULES = YES;
				CLANG_ENABLE_OBJC_ARC = YES;
				CLANG_WARN_BOOL_CONVERSION = YES;
				CLANG_WARN_CONSTANT_CONVERSION = YES;
				CLANG_WARN_DIRECT_OBJC_ISA_USAGE = YES_ERROR;
				CLANG_WARN_EMPTY_BODY = YES;
				CLANG_WARN_ENUM_CONVERSION = YES;
				CLANG_WARN_INT_CONVERSION = YES;
				CLANG_WARN_OBJC_ROOT_CLASS = YES_ERROR;
				CLANG_WARN_UNREACHABLE_CODE = YES;
				CLANG_WARN__DUPLICATE_METHOD_MATCH = YES;
				"CODE_SIGN_IDENTITY[sdk=iphoneos*]" = "iPhone Developer";
				COPY_PHASE_STRIP = YES;
				ENABLE_NS_ASSERTIONS = NO;
				ENABLE_STRICT_OBJC_MSGSEND = YES;
				GCC_C_LANGUAGE_STANDARD = gnu99;
				GCC_WARN_64_TO_32_BIT_CONVERSION = YES;
				GCC_WARN_ABOUT_RETURN_TYPE = YES_ERROR;
				GCC_WARN_UNDECLARED_SELECTOR = YES;
				GCC_WARN_UNINITIALIZED_AUTOS = YES_AGGRESSIVE;
				GCC_WARN_UNUSED_FUNCTION = YES;
				GCC_WARN_UNUSED_VARIABLE = YES;
				IPHONEOS_DEPLOYMENT_TARGET = 8.1;
				MTL_ENABLE_DEBUG_INFO = NO;
				SDKROOT = iphoneos;
				VALIDATE_PRODUCT = YES;
			};
			name = Release;
		};
		1BC811A91AA4E3480013D709 /* Debug */ = {
			isa = XCBuildConfiguration;
			buildSettings = {
				ASSETCATALOG_COMPILER_APPICON_NAME = AppIcon;
				INFOPLIST_FILE = "cargarDatosPlist-02-03-15/Info.plist";
				LD_RUNPATH_SEARCH_PATHS = "$(inherited) @executable_path/Frameworks";
				PRODUCT_NAME = "$(TARGET_NAME)";
			};
			name = Debug;
		};
		1BC811AA1AA4E3480013D709 /* Release */ = {
			isa = XCBuildConfiguration;
			buildSettings = {
				ASSETCATALOG_COMPILER_APPICON_NAME = AppIcon;
				INFOPLIST_FILE = "cargarDatosPlist-02-03-15/Info.plist";
				LD_RUNPATH_SEARCH_PATHS = "$(inherited) @executable_path/Frameworks";
				PRODUCT_NAME = "$(TARGET_NAME)";
			};
			name = Release;
		};
		1BC811AC1AA4E3480013D709 /* Debug */ = {
			isa = XCBuildConfiguration;
			buildSettings = {
				BUNDLE_LOADER = "$(TEST_HOST)";
				FRAMEWORK_SEARCH_PATHS = (
					"$(SDKROOT)/Developer/Library/Frameworks",
					"$(inherited)",
				);
				GCC_PREPROCESSOR_DEFINITIONS = (
					"DEBUG=1",
					"$(inherited)",
				);
				INFOPLIST_FILE = "cargarDatosPlist-02-03-15Tests/Info.plist";
				LD_RUNPATH_SEARCH_PATHS = "$(inherited) @executable_path/Frameworks @loader_path/Frameworks";
				PRODUCT_NAME = "$(TARGET_NAME)";
				TEST_HOST = "$(BUILT_PRODUCTS_DIR)/cargarDatosPlist-02-03-15.app/cargarDatosPlist-02-03-15";
			};
			name = Debug;
		};
		1BC811AD1AA4E3480013D709 /* Release */ = {
			isa = XCBuildConfiguration;
			buildSettings = {
				BUNDLE_LOADER = "$(TEST_HOST)";
				FRAMEWORK_SEARCH_PATHS = (
					"$(SDKROOT)/Developer/Library/Frameworks",
					"$(inherited)",
				);
				INFOPLIST_FILE = "cargarDatosPlist-02-03-15Tests/Info.plist";
				LD_RUNPATH_SEARCH_PATHS = "$(inherited) @executable_path/Frameworks @loader_path/Frameworks";
				PRODUCT_NAME = "$(TARGET_NAME)";
				TEST_HOST = "$(BUILT_PRODUCTS_DIR)/cargarDatosPlist-02-03-15.app/cargarDatosPlist-02-03-15";
			};
			name = Release;
		};
/* End XCBuildConfiguration section */

/* Begin XCConfigurationList section */
		1BC8117D1AA4E3470013D709 /* Build configuration list for PBXProject "cargarDatosPlist-02-03-15" */ = {
			isa = XCConfigurationList;
			buildConfigurations = (
				1BC811A61AA4E3480013D709 /* Debug */,
				1BC811A71AA4E3480013D709 /* Release */,
			);
			defaultConfigurationIsVisible = 0;
			defaultConfigurationName = Release;
		};
		1BC811A81AA4E3480013D709 /* Build configuration list for PBXNativeTarget "cargarDatosPlist-02-03-15" */ = {
			isa = XCConfigurationList;
			buildConfigurations = (
				1BC811A91AA4E3480013D709 /* Debug */,
				1BC811AA1AA4E3480013D709 /* Release */,
			);
			defaultConfigurationIsVisible = 0;
		};
		1BC811AB1AA4E3480013D709 /* Build configuration list for PBXNativeTarget "cargarDatosPlist-02-03-15Tests" */ = {
			isa = XCConfigurationList;
			buildConfigurations = (
				1BC811AC1AA4E3480013D709 /* Debug */,
				1BC811AD1AA4E3480013D709 /* Release */,
			);
			defaultConfigurationIsVisible = 0;
		};
/* End XCConfigurationList section */
	};
	rootObject = 1BC8117A1AA4E3470013D709 /* Project object */;
}
