// !$*UTF8*$!
{
	archiveVersion = 1;
	classes = {
	};
	objectVersion = 46;
	objects = {

/* Begin PBXBuildFile section */
		1B3619B81A926D2F00AFCC28 /* main.m in Sources */ = {isa = PBXBuildFile; fileRef = 1B3619B71A926D2F00AFCC28 /* main.m */; };
		1B3619BB1A926D2F00AFCC28 /* AppDelegate.m in Sources */ = {isa = PBXBuildFile; fileRef = 1B3619BA1A926D2F00AFCC28 /* AppDelegate.m */; };
		1B3619BE1A926D2F00AFCC28 /* MasterViewController.m in Sources */ = {isa = PBXBuildFile; fileRef = 1B3619BD1A926D2F00AFCC28 /* MasterViewController.m */; };
		1B3619C11A926D2F00AFCC28 /* DetailViewController.m in Sources */ = {isa = PBXBuildFile; fileRef = 1B3619C01A926D2F00AFCC28 /* DetailViewController.m */; };
		1B3619C41A926D2F00AFCC28 /* Main.storyboard in Resources */ = {isa = PBXBuildFile; fileRef = 1B3619C21A926D2F00AFCC28 /* Main.storyboard */; };
		1B3619C61A926D2F00AFCC28 /* Images.xcassets in Resources */ = {isa = PBXBuildFile; fileRef = 1B3619C51A926D2F00AFCC28 /* Images.xcassets */; };
		1B3619C91A926D2F00AFCC28 /* LaunchScreen.xib in Resources */ = {isa = PBXBuildFile; fileRef = 1B3619C71A926D2F00AFCC28 /* LaunchScreen.xib */; };
		1B3619D51A926D2F00AFCC28 /* Calif_MasterDetail_16_02_15Tests.m in Sources */ = {isa = PBXBuildFile; fileRef = 1B3619D41A926D2F00AFCC28 /* Calif_MasterDetail_16_02_15Tests.m */; };
		1B3619E01A926DD200AFCC28 /* ViewControllerCalifica.m in Sources */ = {isa = PBXBuildFile; fileRef = 1B3619DF1A926DD200AFCC28 /* ViewControllerCalifica.m */; };
		1B3619E61A926E4900AFCC28 /* Actividad.m in Sources */ = {isa = PBXBuildFile; fileRef = 1B3619E51A926E4900AFCC28 /* Actividad.m */; };
/* End PBXBuildFile section */

/* Begin PBXContainerItemProxy section */
		1B3619CF1A926D2F00AFCC28 /* PBXContainerItemProxy */ = {
			isa = PBXContainerItemProxy;
			containerPortal = 1B3619AA1A926D2F00AFCC28 /* Project object */;
			proxyType = 1;
			remoteGlobalIDString = 1B3619B11A926D2F00AFCC28;
			remoteInfo = "Calif-MasterDetail-16-02-15";
		};
/* End PBXContainerItemProxy section */

/* Begin PBXFileReference section */
		1B3619B21A926D2F00AFCC28 /* Calif-MasterDetail-16-02-15.app */ = {isa = PBXFileReference; explicitFileType = wrapper.application; includeInIndex = 0; path = "Calif-MasterDetail-16-02-15.app"; sourceTree = BUILT_PRODUCTS_DIR; };
		1B3619B61A926D2F00AFCC28 /* Info.plist */ = {isa = PBXFileReference; lastKnownFileType = text.plist.xml; path = Info.plist; sourceTree = "<group>"; };
		1B3619B71A926D2F00AFCC28 /* main.m */ = {isa = PBXFileReference; lastKnownFileType = sourcecode.c.objc; path = main.m; sourceTree = "<group>"; };
		1B3619B91A926D2F00AFCC28 /* AppDelegate.h */ = {isa = PBXFileReference; lastKnownFileType = sourcecode.c.h; path = AppDelegate.h; sourceTree = "<group>"; };
		1B3619BA1A926D2F00AFCC28 /* AppDelegate.m */ = {isa = PBXFileReference; lastKnownFileType = sourcecode.c.objc; path = AppDelegate.m; sourceTree = "<group>"; };
		1B3619BC1A926D2F00AFCC28 /* MasterViewController.h */ = {isa = PBXFileReference; lastKnownFileType = sourcecode.c.h; path = MasterViewController.h; sourceTree = "<group>"; };
		1B3619BD1A926D2F00AFCC28 /* MasterViewController.m */ = {isa = PBXFileReference; lastKnownFileType = sourcecode.c.objc; path = MasterViewController.m; sourceTree = "<group>"; };
		1B3619BF1A926D2F00AFCC28 /* DetailViewController.h */ = {isa = PBXFileReference; lastKnownFileType = sourcecode.c.h; path = DetailViewController.h; sourceTree = "<group>"; };
		1B3619C01A926D2F00AFCC28 /* DetailViewController.m */ = {isa = PBXFileReference; lastKnownFileType = sourcecode.c.objc; path = DetailViewController.m; sourceTree = "<group>"; };
		1B3619C31A926D2F00AFCC28 /* Base */ = {isa = PBXFileReference; lastKnownFileType = file.storyboard; name = Base; path = Base.lproj/Main.storyboard; sourceTree = "<group>"; };
		1B3619C51A926D2F00AFCC28 /* Images.xcassets */ = {isa = PBXFileReference; lastKnownFileType = folder.assetcatalog; path = Images.xcassets; sourceTree = "<group>"; };
		1B3619C81A926D2F00AFCC28 /* Base */ = {isa = PBXFileReference; lastKnownFileType = file.xib; name = Base; path = Base.lproj/LaunchScreen.xib; sourceTree = "<group>"; };
		1B3619CE1A926D2F00AFCC28 /* Calif-MasterDetail-16-02-15Tests.xctest */ = {isa = PBXFileReference; explicitFileType = wrapper.cfbundle; includeInIndex = 0; path = "Calif-MasterDetail-16-02-15Tests.xctest"; sourceTree = BUILT_PRODUCTS_DIR; };
		1B3619D31A926D2F00AFCC28 /* Info.plist */ = {isa = PBXFileReference; lastKnownFileType = text.plist.xml; path = Info.plist; sourceTree = "<group>"; };
		1B3619D41A926D2F00AFCC28 /* Calif_MasterDetail_16_02_15Tests.m */ = {isa = PBXFileReference; lastKnownFileType = sourcecode.c.objc; path = Calif_MasterDetail_16_02_15Tests.m; sourceTree = "<group>"; };
		1B3619DE1A926DD200AFCC28 /* ViewControllerCalifica.h */ = {isa = PBXFileReference; fileEncoding = 4; lastKnownFileType = sourcecode.c.h; path = ViewControllerCalifica.h; sourceTree = "<group>"; };
		1B3619DF1A926DD200AFCC28 /* ViewControllerCalifica.m */ = {isa = PBXFileReference; fileEncoding = 4; lastKnownFileType = sourcecode.c.objc; path = ViewControllerCalifica.m; sourceTree = "<group>"; };
		1B3619E41A926E4900AFCC28 /* Actividad.h */ = {isa = PBXFileReference; fileEncoding = 4; lastKnownFileType = sourcecode.c.h; path = Actividad.h; sourceTree = "<group>"; };
		1B3619E51A926E4900AFCC28 /* Actividad.m */ = {isa = PBXFileReference; fileEncoding = 4; lastKnownFileType = sourcecode.c.objc; path = Actividad.m; sourceTree = "<group>"; };
/* End PBXFileReference section */

/* Begin PBXFrameworksBuildPhase section */
		1B3619AF1A926D2F00AFCC28 /* Frameworks */ = {
			isa = PBXFrameworksBuildPhase;
			buildActionMask = 2147483647;
			files = (
			);
			runOnlyForDeploymentPostprocessing = 0;
		};
		1B3619CB1A926D2F00AFCC28 /* Frameworks */ = {
			isa = PBXFrameworksBuildPhase;
			buildActionMask = 2147483647;
			files = (
			);
			runOnlyForDeploymentPostprocessing = 0;
		};
/* End PBXFrameworksBuildPhase section */

/* Begin PBXGroup section */
		1B3619A91A926D2F00AFCC28 = {
			isa = PBXGroup;
			children = (
				1B3619B41A926D2F00AFCC28 /* Calif-MasterDetail-16-02-15 */,
				1B3619D11A926D2F00AFCC28 /* Calif-MasterDetail-16-02-15Tests */,
				1B3619B31A926D2F00AFCC28 /* Products */,
			);
			sourceTree = "<group>";
		};
		1B3619B31A926D2F00AFCC28 /* Products */ = {
			isa = PBXGroup;
			children = (
				1B3619B21A926D2F00AFCC28 /* Calif-MasterDetail-16-02-15.app */,
				1B3619CE1A926D2F00AFCC28 /* Calif-MasterDetail-16-02-15Tests.xctest */,
			);
			name = Products;
			sourceTree = "<group>";
		};
		1B3619B41A926D2F00AFCC28 /* Calif-MasterDetail-16-02-15 */ = {
			isa = PBXGroup;
			children = (
				1B3619B91A926D2F00AFCC28 /* AppDelegate.h */,
				1B3619BA1A926D2F00AFCC28 /* AppDelegate.m */,
				1B3619BC1A926D2F00AFCC28 /* MasterViewController.h */,
				1B3619BD1A926D2F00AFCC28 /* MasterViewController.m */,
				1B3619BF1A926D2F00AFCC28 /* DetailViewController.h */,
				1B3619C01A926D2F00AFCC28 /* DetailViewController.m */,
				1B3619C21A926D2F00AFCC28 /* Main.storyboard */,
				1B3619E41A926E4900AFCC28 /* Actividad.h */,
				1B3619E51A926E4900AFCC28 /* Actividad.m */,
				1B3619DE1A926DD200AFCC28 /* ViewControllerCalifica.h */,
				1B3619DF1A926DD200AFCC28 /* ViewControllerCalifica.m */,
				1B3619C51A926D2F00AFCC28 /* Images.xcassets */,
				1B3619C71A926D2F00AFCC28 /* LaunchScreen.xib */,
				1B3619B51A926D2F00AFCC28 /* Supporting Files */,
			);
			path = "Calif-MasterDetail-16-02-15";
			sourceTree = "<group>";
		};
		1B3619B51A926D2F00AFCC28 /* Supporting Files */ = {
			isa = PBXGroup;
			children = (
				1B3619B61A926D2F00AFCC28 /* Info.plist */,
				1B3619B71A926D2F00AFCC28 /* main.m */,
			);
			name = "Supporting Files";
			sourceTree = "<group>";
		};
		1B3619D11A926D2F00AFCC28 /* Calif-MasterDetail-16-02-15Tests */ = {
			isa = PBXGroup;
			children = (
				1B3619D41A926D2F00AFCC28 /* Calif_MasterDetail_16_02_15Tests.m */,
				1B3619D21A926D2F00AFCC28 /* Supporting Files */,
			);
			path = "Calif-MasterDetail-16-02-15Tests";
			sourceTree = "<group>";
		};
		1B3619D21A926D2F00AFCC28 /* Supporting Files */ = {
			isa = PBXGroup;
			children = (
				1B3619D31A926D2F00AFCC28 /* Info.plist */,
			);
			name = "Supporting Files";
			sourceTree = "<group>";
		};
/* End PBXGroup section */

/* Begin PBXNativeTarget section */
		1B3619B11A926D2F00AFCC28 /* Calif-MasterDetail-16-02-15 */ = {
			isa = PBXNativeTarget;
			buildConfigurationList = 1B3619D81A926D2F00AFCC28 /* Build configuration list for PBXNativeTarget "Calif-MasterDetail-16-02-15" */;
			buildPhases = (
				1B3619AE1A926D2F00AFCC28 /* Sources */,
				1B3619AF1A926D2F00AFCC28 /* Frameworks */,
				1B3619B01A926D2F00AFCC28 /* Resources */,
			);
			buildRules = (
			);
			dependencies = (
			);
			name = "Calif-MasterDetail-16-02-15";
			productName = "Calif-MasterDetail-16-02-15";
			productReference = 1B3619B21A926D2F00AFCC28 /* Calif-MasterDetail-16-02-15.app */;
			productType = "com.apple.product-type.application";
		};
		1B3619CD1A926D2F00AFCC28 /* Calif-MasterDetail-16-02-15Tests */ = {
			isa = PBXNativeTarget;
			buildConfigurationList = 1B3619DB1A926D2F00AFCC28 /* Build configuration list for PBXNativeTarget "Calif-MasterDetail-16-02-15Tests" */;
			buildPhases = (
				1B3619CA1A926D2F00AFCC28 /* Sources */,
				1B3619CB1A926D2F00AFCC28 /* Frameworks */,
				1B3619CC1A926D2F00AFCC28 /* Resources */,
			);
			buildRules = (
			);
			dependencies = (
				1B3619D01A926D2F00AFCC28 /* PBXTargetDependency */,
			);
			name = "Calif-MasterDetail-16-02-15Tests";
			productName = "Calif-MasterDetail-16-02-15Tests";
			productReference = 1B3619CE1A926D2F00AFCC28 /* Calif-MasterDetail-16-02-15Tests.xctest */;
			productType = "com.apple.product-type.bundle.unit-test";
		};
/* End PBXNativeTarget section */

/* Begin PBXProject section */
		1B3619AA1A926D2F00AFCC28 /* Project object */ = {
			isa = PBXProject;
			attributes = {
				LastUpgradeCheck = 0610;
				ORGANIZATIONNAME = NLCJohn;
				TargetAttributes = {
					1B3619B11A926D2F00AFCC28 = {
						CreatedOnToolsVersion = 6.1.1;
					};
					1B3619CD1A926D2F00AFCC28 = {
						CreatedOnToolsVersion = 6.1.1;
						TestTargetID = 1B3619B11A926D2F00AFCC28;
					};
				};
			};
			buildConfigurationList = 1B3619AD1A926D2F00AFCC28 /* Build configuration list for PBXProject "Calif-MasterDetail-16-02-15" */;
			compatibilityVersion = "Xcode 3.2";
			developmentRegion = English;
			hasScannedForEncodings = 0;
			knownRegions = (
				en,
				Base,
			);
			mainGroup = 1B3619A91A926D2F00AFCC28;
			productRefGroup = 1B3619B31A926D2F00AFCC28 /* Products */;
			projectDirPath = "";
			projectRoot = "";
			targets = (
				1B3619B11A926D2F00AFCC28 /* Calif-MasterDetail-16-02-15 */,
				1B3619CD1A926D2F00AFCC28 /* Calif-MasterDetail-16-02-15Tests */,
			);
		};
/* End PBXProject section */

/* Begin PBXResourcesBuildPhase section */
		1B3619B01A926D2F00AFCC28 /* Resources */ = {
			isa = PBXResourcesBuildPhase;
			buildActionMask = 2147483647;
			files = (
				1B3619C41A926D2F00AFCC28 /* Main.storyboard in Resources */,
				1B3619C91A926D2F00AFCC28 /* LaunchScreen.xib in Resources */,
				1B3619C61A926D2F00AFCC28 /* Images.xcassets in Resources */,
			);
			runOnlyForDeploymentPostprocessing = 0;
		};
		1B3619CC1A926D2F00AFCC28 /* Resources */ = {
			isa = PBXResourcesBuildPhase;
			buildActionMask = 2147483647;
			files = (
			);
			runOnlyForDeploymentPostprocessing = 0;
		};
/* End PBXResourcesBuildPhase section */

/* Begin PBXSourcesBuildPhase section */
		1B3619AE1A926D2F00AFCC28 /* Sources */ = {
			isa = PBXSourcesBuildPhase;
			buildActionMask = 2147483647;
			files = (
				1B3619BB1A926D2F00AFCC28 /* AppDelegate.m in Sources */,
				1B3619E61A926E4900AFCC28 /* Actividad.m in Sources */,
				1B3619BE1A926D2F00AFCC28 /* MasterViewController.m in Sources */,
				1B3619B81A926D2F00AFCC28 /* main.m in Sources */,
				1B3619C11A926D2F00AFCC28 /* DetailViewController.m in Sources */,
				1B3619E01A926DD200AFCC28 /* ViewControllerCalifica.m in Sources */,
			);
			runOnlyForDeploymentPostprocessing = 0;
		};
		1B3619CA1A926D2F00AFCC28 /* Sources */ = {
			isa = PBXSourcesBuildPhase;
			buildActionMask = 2147483647;
			files = (
				1B3619D51A926D2F00AFCC28 /* Calif_MasterDetail_16_02_15Tests.m in Sources */,
			);
			runOnlyForDeploymentPostprocessing = 0;
		};
/* End PBXSourcesBuildPhase section */

/* Begin PBXTargetDependency section */
		1B3619D01A926D2F00AFCC28 /* PBXTargetDependency */ = {
			isa = PBXTargetDependency;
			target = 1B3619B11A926D2F00AFCC28 /* Calif-MasterDetail-16-02-15 */;
			targetProxy = 1B3619CF1A926D2F00AFCC28 /* PBXContainerItemProxy */;
		};
/* End PBXTargetDependency section */

/* Begin PBXVariantGroup section */
		1B3619C21A926D2F00AFCC28 /* Main.storyboard */ = {
			isa = PBXVariantGroup;
			children = (
				1B3619C31A926D2F00AFCC28 /* Base */,
			);
			name = Main.storyboard;
			sourceTree = "<group>";
		};
		1B3619C71A926D2F00AFCC28 /* LaunchScreen.xib */ = {
			isa = PBXVariantGroup;
			children = (
				1B3619C81A926D2F00AFCC28 /* Base */,
			);
			name = LaunchScreen.xib;
			sourceTree = "<group>";
		};
/* End PBXVariantGroup section */

/* Begin XCBuildConfiguration section */
		1B3619D61A926D2F00AFCC28 /* Debug */ = {
			isa = XCBuildConfiguration;
			buildSettings = {
				ALWAYS_SEARCH_USER_PATHS = NO;
				CLANG_CXX_LANGUAGE_STANDARD = "gnu++0x";
				CLANG_CXX_LIBRARY = "libc++";
				CLANG_ENABLE_MODULES = YES;
				CLANG_ENABLE_OBJC_ARC = YES;
				CLANG_WARN_BOOL_CONVERSION = YES;
				CLANG_WARN_CONSTANT_CONVERSION = YES;
				CLANG_WARN_DIRECT_OBJC_ISA_USAGE = YES_ERROR;
				CLANG_WARN_EMPTY_BODY = YES;
				CLANG_WARN_ENUM_CONVERSION = YES;
				CLANG_WARN_INT_CONVERSION = YES;
				CLANG_WARN_OBJC_ROOT_CLASS = YES_ERROR;
				CLANG_WARN_UNREACHABLE_CODE = YES;
				CLANG_WARN__DUPLICATE_METHOD_MATCH = YES;
				"CODE_SIGN_IDENTITY[sdk=iphoneos*]" = "iPhone Developer";
				COPY_PHASE_STRIP = NO;
				ENABLE_STRICT_OBJC_MSGSEND = YES;
				GCC_C_LANGUAGE_STANDARD = gnu99;
				GCC_DYNAMIC_NO_PIC = NO;
				GCC_OPTIMIZATION_LEVEL = 0;
				GCC_PREPROCESSOR_DEFINITIONS = (
					"DEBUG=1",
					"$(inherited)",
				);
				GCC_SYMBOLS_PRIVATE_EXTERN = NO;
				GCC_WARN_64_TO_32_BIT_CONVERSION = YES;
				GCC_WARN_ABOUT_RETURN_TYPE = YES_ERROR;
				GCC_WARN_UNDECLARED_SELECTOR = YES;
				GCC_WARN_UNINITIALIZED_AUTOS = YES_AGGRESSIVE;
				GCC_WARN_UNUSED_FUNCTION = YES;
				GCC_WARN_UNUSED_VARIABLE = YES;
				IPHONEOS_DEPLOYMENT_TARGET = 8.1;
				MTL_ENABLE_DEBUG_INFO = YES;
				ONLY_ACTIVE_ARCH = YES;
				SDKROOT = iphoneos;
			};
			name = Debug;
		};
		1B3619D71A926D2F00AFCC28 /* Release */ = {
			isa = XCBuildConfiguration;
			buildSettings = {
				ALWAYS_SEARCH_USER_PATHS = NO;
				CLANG_CXX_LANGUAGE_STANDARD = "gnu++0x";
				CLANG_CXX_LIBRARY = "libc++";
				CLANG_ENABLE_MODULES = YES;
				CLANG_ENABLE_OBJC_ARC = YES;
				CLANG_WARN_BOOL_CONVERSION = YES;
				CLANG_WARN_CONSTANT_CONVERSION = YES;
				CLANG_WARN_DIRECT_OBJC_ISA_USAGE = YES_ERROR;
				CLANG_WARN_EMPTY_BODY = YES;
				CLANG_WARN_ENUM_CONVERSION = YES;
				CLANG_WARN_INT_CONVERSION = YES;
				CLANG_WARN_OBJC_ROOT_CLASS = YES_ERROR;
				CLANG_WARN_UNREACHABLE_CODE = YES;
				CLANG_WARN__DUPLICATE_METHOD_MATCH = YES;
				"CODE_SIGN_IDENTITY[sdk=iphoneos*]" = "iPhone Developer";
				COPY_PHASE_STRIP = YES;
				ENABLE_NS_ASSERTIONS = NO;
				ENABLE_STRICT_OBJC_MSGSEND = YES;
				GCC_C_LANGUAGE_STANDARD = gnu99;
				GCC_WARN_64_TO_32_BIT_CONVERSION = YES;
				GCC_WARN_ABOUT_RETURN_TYPE = YES_ERROR;
				GCC_WARN_UNDECLARED_SELECTOR = YES;
				GCC_WARN_UNINITIALIZED_AUTOS = YES_AGGRESSIVE;
				GCC_WARN_UNUSED_FUNCTION = YES;
				GCC_WARN_UNUSED_VARIABLE = YES;
				IPHONEOS_DEPLOYMENT_TARGET = 8.1;
				MTL_ENABLE_DEBUG_INFO = NO;
				SDKROOT = iphoneos;
				VALIDATE_PRODUCT = YES;
			};
			name = Release;
		};
		1B3619D91A926D2F00AFCC28 /* Debug */ = {
			isa = XCBuildConfiguration;
			buildSettings = {
				ASSETCATALOG_COMPILER_APPICON_NAME = AppIcon;
				INFOPLIST_FILE = "Calif-MasterDetail-16-02-15/Info.plist";
				LD_RUNPATH_SEARCH_PATHS = "$(inherited) @executable_path/Frameworks";
				PRODUCT_NAME = "$(TARGET_NAME)";
			};
			name = Debug;
		};
		1B3619DA1A926D2F00AFCC28 /* Release */ = {
			isa = XCBuildConfiguration;
			buildSettings = {
				ASSETCATALOG_COMPILER_APPICON_NAME = AppIcon;
				INFOPLIST_FILE = "Calif-MasterDetail-16-02-15/Info.plist";
				LD_RUNPATH_SEARCH_PATHS = "$(inherited) @executable_path/Frameworks";
				PRODUCT_NAME = "$(TARGET_NAME)";
			};
			name = Release;
		};
		1B3619DC1A926D2F00AFCC28 /* Debug */ = {
			isa = XCBuildConfiguration;
			buildSettings = {
				BUNDLE_LOADER = "$(TEST_HOST)";
				FRAMEWORK_SEARCH_PATHS = (
					"$(SDKROOT)/Developer/Library/Frameworks",
					"$(inherited)",
				);
				GCC_PREPROCESSOR_DEFINITIONS = (
					"DEBUG=1",
					"$(inherited)",
				);
				INFOPLIST_FILE = "Calif-MasterDetail-16-02-15Tests/Info.plist";
				LD_RUNPATH_SEARCH_PATHS = "$(inherited) @executable_path/Frameworks @loader_path/Frameworks";
				PRODUCT_NAME = "$(TARGET_NAME)";
				TEST_HOST = "$(BUILT_PRODUCTS_DIR)/Calif-MasterDetail-16-02-15.app/Calif-MasterDetail-16-02-15";
			};
			name = Debug;
		};
		1B3619DD1A926D2F00AFCC28 /* Release */ = {
			isa = XCBuildConfiguration;
			buildSettings = {
				BUNDLE_LOADER = "$(TEST_HOST)";
				FRAMEWORK_SEARCH_PATHS = (
					"$(SDKROOT)/Developer/Library/Frameworks",
					"$(inherited)",
				);
				INFOPLIST_FILE = "Calif-MasterDetail-16-02-15Tests/Info.plist";
				LD_RUNPATH_SEARCH_PATHS = "$(inherited) @executable_path/Frameworks @loader_path/Frameworks";
				PRODUCT_NAME = "$(TARGET_NAME)";
				TEST_HOST = "$(BUILT_PRODUCTS_DIR)/Calif-MasterDetail-16-02-15.app/Calif-MasterDetail-16-02-15";
			};
			name = Release;
		};
/* End XCBuildConfiguration section */

/* Begin XCConfigurationList section */
		1B3619AD1A926D2F00AFCC28 /* Build configuration list for PBXProject "Calif-MasterDetail-16-02-15" */ = {
			isa = XCConfigurationList;
			buildConfigurations = (
				1B3619D61A926D2F00AFCC28 /* Debug */,
				1B3619D71A926D2F00AFCC28 /* Release */,
			);
			defaultConfigurationIsVisible = 0;
			defaultConfigurationName = Release;
		};
		1B3619D81A926D2F00AFCC28 /* Build configuration list for PBXNativeTarget "Calif-MasterDetail-16-02-15" */ = {
			isa = XCConfigurationList;
			buildConfigurations = (
				1B3619D91A926D2F00AFCC28 /* Debug */,
				1B3619DA1A926D2F00AFCC28 /* Release */,
			);
			defaultConfigurationIsVisible = 0;
		};
		1B3619DB1A926D2F00AFCC28 /* Build configuration list for PBXNativeTarget "Calif-MasterDetail-16-02-15Tests" */ = {
			isa = XCConfigurationList;
			buildConfigurations = (
				1B3619DC1A926D2F00AFCC28 /* Debug */,
				1B3619DD1A926D2F00AFCC28 /* Release */,
			);
			defaultConfigurationIsVisible = 0;
		};
/* End XCConfigurationList section */
	};
	rootObject = 1B3619AA1A926D2F00AFCC28 /* Project object */;
}
