// !$*UTF8*$!
{
	archiveVersion = 1;
	classes = {
	};
	objectVersion = 46;
	objects = {

/* Begin PBXBuildFile section */
		1B259AD21AD2F7BC00671797 /* main.m in Sources */ = {isa = PBXBuildFile; fileRef = 1B259AD11AD2F7BC00671797 /* main.m */; };
		1B259AD51AD2F7BC00671797 /* AppDelegate.m in Sources */ = {isa = PBXBuildFile; fileRef = 1B259AD41AD2F7BC00671797 /* AppDelegate.m */; };
		1B259AD81AD2F7BC00671797 /* FirstViewController.m in Sources */ = {isa = PBXBuildFile; fileRef = 1B259AD71AD2F7BC00671797 /* FirstViewController.m */; };
		1B259ADB1AD2F7BC00671797 /* SecondViewController.m in Sources */ = {isa = PBXBuildFile; fileRef = 1B259ADA1AD2F7BC00671797 /* SecondViewController.m */; };
		1B259ADE1AD2F7BC00671797 /* Main.storyboard in Resources */ = {isa = PBXBuildFile; fileRef = 1B259ADC1AD2F7BC00671797 /* Main.storyboard */; };
		1B259AE01AD2F7BC00671797 /* Images.xcassets in Resources */ = {isa = PBXBuildFile; fileRef = 1B259ADF1AD2F7BC00671797 /* Images.xcassets */; };
		1B259AE31AD2F7BC00671797 /* LaunchScreen.xib in Resources */ = {isa = PBXBuildFile; fileRef = 1B259AE11AD2F7BC00671797 /* LaunchScreen.xib */; };
		1B259AEF1AD2F7BC00671797 /* TapAPPTests.m in Sources */ = {isa = PBXBuildFile; fileRef = 1B259AEE1AD2F7BC00671797 /* TapAPPTests.m */; };
		1B259AF91AD2F93F00671797 /* brief_case@2x.png in Resources */ = {isa = PBXBuildFile; fileRef = 1B259AF81AD2F93F00671797 /* brief_case@2x.png */; };
		1B259AFB1AD2F96100671797 /* refresh@2x.png in Resources */ = {isa = PBXBuildFile; fileRef = 1B259AFA1AD2F96100671797 /* refresh@2x.png */; };
		1B259AFD1AD2F96D00671797 /* shuffle@2x.png in Resources */ = {isa = PBXBuildFile; fileRef = 1B259AFC1AD2F96D00671797 /* shuffle@2x.png */; };
		1B259AFF1AD2F97500671797 /* clock@2x.png in Resources */ = {isa = PBXBuildFile; fileRef = 1B259AFE1AD2F97500671797 /* clock@2x.png */; };
		1B259B021AD2FB9200671797 /* TercerViewController.m in Sources */ = {isa = PBXBuildFile; fileRef = 1B259B011AD2FB9200671797 /* TercerViewController.m */; };
		1B259B051AD2FC7300671797 /* TableViewController.m in Sources */ = {isa = PBXBuildFile; fileRef = 1B259B041AD2FC7300671797 /* TableViewController.m */; };
		1B259B081AD3002300671797 /* FifthViewController.m in Sources */ = {isa = PBXBuildFile; fileRef = 1B259B071AD3002300671797 /* FifthViewController.m */; };
/* End PBXBuildFile section */

/* Begin PBXContainerItemProxy section */
		1B259AE91AD2F7BC00671797 /* PBXContainerItemProxy */ = {
			isa = PBXContainerItemProxy;
			containerPortal = 1B259AC41AD2F7BC00671797 /* Project object */;
			proxyType = 1;
			remoteGlobalIDString = 1B259ACB1AD2F7BC00671797;
			remoteInfo = TapAPP;
		};
/* End PBXContainerItemProxy section */

/* Begin PBXFileReference section */
		1B259ACC1AD2F7BC00671797 /* TapAPP.app */ = {isa = PBXFileReference; explicitFileType = wrapper.application; includeInIndex = 0; path = TapAPP.app; sourceTree = BUILT_PRODUCTS_DIR; };
		1B259AD01AD2F7BC00671797 /* Info.plist */ = {isa = PBXFileReference; lastKnownFileType = text.plist.xml; path = Info.plist; sourceTree = "<group>"; };
		1B259AD11AD2F7BC00671797 /* main.m */ = {isa = PBXFileReference; lastKnownFileType = sourcecode.c.objc; path = main.m; sourceTree = "<group>"; };
		1B259AD31AD2F7BC00671797 /* AppDelegate.h */ = {isa = PBXFileReference; lastKnownFileType = sourcecode.c.h; path = AppDelegate.h; sourceTree = "<group>"; };
		1B259AD41AD2F7BC00671797 /* AppDelegate.m */ = {isa = PBXFileReference; lastKnownFileType = sourcecode.c.objc; path = AppDelegate.m; sourceTree = "<group>"; };
		1B259AD61AD2F7BC00671797 /* FirstViewController.h */ = {isa = PBXFileReference; lastKnownFileType = sourcecode.c.h; path = FirstViewController.h; sourceTree = "<group>"; };
		1B259AD71AD2F7BC00671797 /* FirstViewController.m */ = {isa = PBXFileReference; lastKnownFileType = sourcecode.c.objc; path = FirstViewController.m; sourceTree = "<group>"; };
		1B259AD91AD2F7BC00671797 /* SecondViewController.h */ = {isa = PBXFileReference; lastKnownFileType = sourcecode.c.h; path = SecondViewController.h; sourceTree = "<group>"; };
		1B259ADA1AD2F7BC00671797 /* SecondViewController.m */ = {isa = PBXFileReference; lastKnownFileType = sourcecode.c.objc; path = SecondViewController.m; sourceTree = "<group>"; };
		1B259ADD1AD2F7BC00671797 /* Base */ = {isa = PBXFileReference; lastKnownFileType = file.storyboard; name = Base; path = Base.lproj/Main.storyboard; sourceTree = "<group>"; };
		1B259ADF1AD2F7BC00671797 /* Images.xcassets */ = {isa = PBXFileReference; lastKnownFileType = folder.assetcatalog; path = Images.xcassets; sourceTree = "<group>"; };
		1B259AE21AD2F7BC00671797 /* Base */ = {isa = PBXFileReference; lastKnownFileType = file.xib; name = Base; path = Base.lproj/LaunchScreen.xib; sourceTree = "<group>"; };
		1B259AE81AD2F7BC00671797 /* TapAPPTests.xctest */ = {isa = PBXFileReference; explicitFileType = wrapper.cfbundle; includeInIndex = 0; path = TapAPPTests.xctest; sourceTree = BUILT_PRODUCTS_DIR; };
		1B259AED1AD2F7BC00671797 /* Info.plist */ = {isa = PBXFileReference; lastKnownFileType = text.plist.xml; path = Info.plist; sourceTree = "<group>"; };
		1B259AEE1AD2F7BC00671797 /* TapAPPTests.m */ = {isa = PBXFileReference; lastKnownFileType = sourcecode.c.objc; path = TapAPPTests.m; sourceTree = "<group>"; };
		1B259AF81AD2F93F00671797 /* brief_case@2x.png */ = {isa = PBXFileReference; lastKnownFileType = image.png; path = "brief_case@2x.png"; sourceTree = "<group>"; };
		1B259AFA1AD2F96100671797 /* refresh@2x.png */ = {isa = PBXFileReference; lastKnownFileType = image.png; path = "refresh@2x.png"; sourceTree = "<group>"; };
		1B259AFC1AD2F96D00671797 /* shuffle@2x.png */ = {isa = PBXFileReference; lastKnownFileType = image.png; path = "shuffle@2x.png"; sourceTree = "<group>"; };
		1B259AFE1AD2F97500671797 /* clock@2x.png */ = {isa = PBXFileReference; lastKnownFileType = image.png; path = "clock@2x.png"; sourceTree = "<group>"; };
		1B259B001AD2FB9200671797 /* TercerViewController.h */ = {isa = PBXFileReference; fileEncoding = 4; lastKnownFileType = sourcecode.c.h; path = TercerViewController.h; sourceTree = "<group>"; };
		1B259B011AD2FB9200671797 /* TercerViewController.m */ = {isa = PBXFileReference; fileEncoding = 4; lastKnownFileType = sourcecode.c.objc; path = TercerViewController.m; sourceTree = "<group>"; };
		1B259B031AD2FC7300671797 /* TableViewController.h */ = {isa = PBXFileReference; fileEncoding = 4; lastKnownFileType = sourcecode.c.h; path = TableViewController.h; sourceTree = "<group>"; };
		1B259B041AD2FC7300671797 /* TableViewController.m */ = {isa = PBXFileReference; fileEncoding = 4; lastKnownFileType = sourcecode.c.objc; path = TableViewController.m; sourceTree = "<group>"; };
		1B259B061AD3002300671797 /* FifthViewController.h */ = {isa = PBXFileReference; fileEncoding = 4; lastKnownFileType = sourcecode.c.h; path = FifthViewController.h; sourceTree = "<group>"; };
		1B259B071AD3002300671797 /* FifthViewController.m */ = {isa = PBXFileReference; fileEncoding = 4; lastKnownFileType = sourcecode.c.objc; path = FifthViewController.m; sourceTree = "<group>"; };
/* End PBXFileReference section */

/* Begin PBXFrameworksBuildPhase section */
		1B259AC91AD2F7BC00671797 /* Frameworks */ = {
			isa = PBXFrameworksBuildPhase;
			buildActionMask = 2147483647;
			files = (
			);
			runOnlyForDeploymentPostprocessing = 0;
		};
		1B259AE51AD2F7BC00671797 /* Frameworks */ = {
			isa = PBXFrameworksBuildPhase;
			buildActionMask = 2147483647;
			files = (
			);
			runOnlyForDeploymentPostprocessing = 0;
		};
/* End PBXFrameworksBuildPhase section */

/* Begin PBXGroup section */
		1B259AC31AD2F7BC00671797 = {
			isa = PBXGroup;
			children = (
				1B259ACE1AD2F7BC00671797 /* TapAPP */,
				1B259AEB1AD2F7BC00671797 /* TapAPPTests */,
				1B259ACD1AD2F7BC00671797 /* Products */,
			);
			sourceTree = "<group>";
		};
		1B259ACD1AD2F7BC00671797 /* Products */ = {
			isa = PBXGroup;
			children = (
				1B259ACC1AD2F7BC00671797 /* TapAPP.app */,
				1B259AE81AD2F7BC00671797 /* TapAPPTests.xctest */,
			);
			name = Products;
			sourceTree = "<group>";
		};
		1B259ACE1AD2F7BC00671797 /* TapAPP */ = {
			isa = PBXGroup;
			children = (
				1B259AF81AD2F93F00671797 /* brief_case@2x.png */,
				1B259AD31AD2F7BC00671797 /* AppDelegate.h */,
				1B259AFA1AD2F96100671797 /* refresh@2x.png */,
				1B259AD41AD2F7BC00671797 /* AppDelegate.m */,
				1B259AD61AD2F7BC00671797 /* FirstViewController.h */,
				1B259AFC1AD2F96D00671797 /* shuffle@2x.png */,
				1B259AD71AD2F7BC00671797 /* FirstViewController.m */,
				1B259AD91AD2F7BC00671797 /* SecondViewController.h */,
				1B259AFE1AD2F97500671797 /* clock@2x.png */,
				1B259ADA1AD2F7BC00671797 /* SecondViewController.m */,
				1B259ADC1AD2F7BC00671797 /* Main.storyboard */,
				1B259B061AD3002300671797 /* FifthViewController.h */,
				1B259B071AD3002300671797 /* FifthViewController.m */,
				1B259B031AD2FC7300671797 /* TableViewController.h */,
				1B259B041AD2FC7300671797 /* TableViewController.m */,
				1B259B001AD2FB9200671797 /* TercerViewController.h */,
				1B259B011AD2FB9200671797 /* TercerViewController.m */,
				1B259ADF1AD2F7BC00671797 /* Images.xcassets */,
				1B259AE11AD2F7BC00671797 /* LaunchScreen.xib */,
				1B259ACF1AD2F7BC00671797 /* Supporting Files */,
			);
			path = TapAPP;
			sourceTree = "<group>";
		};
		1B259ACF1AD2F7BC00671797 /* Supporting Files */ = {
			isa = PBXGroup;
			children = (
				1B259AD01AD2F7BC00671797 /* Info.plist */,
				1B259AD11AD2F7BC00671797 /* main.m */,
			);
			name = "Supporting Files";
			sourceTree = "<group>";
		};
		1B259AEB1AD2F7BC00671797 /* TapAPPTests */ = {
			isa = PBXGroup;
			children = (
				1B259AEE1AD2F7BC00671797 /* TapAPPTests.m */,
				1B259AEC1AD2F7BC00671797 /* Supporting Files */,
			);
			path = TapAPPTests;
			sourceTree = "<group>";
		};
		1B259AEC1AD2F7BC00671797 /* Supporting Files */ = {
			isa = PBXGroup;
			children = (
				1B259AED1AD2F7BC00671797 /* Info.plist */,
			);
			name = "Supporting Files";
			sourceTree = "<group>";
		};
/* End PBXGroup section */

/* Begin PBXNativeTarget section */
		1B259ACB1AD2F7BC00671797 /* TapAPP */ = {
			isa = PBXNativeTarget;
			buildConfigurationList = 1B259AF21AD2F7BC00671797 /* Build configuration list for PBXNativeTarget "TapAPP" */;
			buildPhases = (
				1B259AC81AD2F7BC00671797 /* Sources */,
				1B259AC91AD2F7BC00671797 /* Frameworks */,
				1B259ACA1AD2F7BC00671797 /* Resources */,
			);
			buildRules = (
			);
			dependencies = (
			);
			name = TapAPP;
			productName = TapAPP;
			productReference = 1B259ACC1AD2F7BC00671797 /* TapAPP.app */;
			productType = "com.apple.product-type.application";
		};
		1B259AE71AD2F7BC00671797 /* TapAPPTests */ = {
			isa = PBXNativeTarget;
			buildConfigurationList = 1B259AF51AD2F7BC00671797 /* Build configuration list for PBXNativeTarget "TapAPPTests" */;
			buildPhases = (
				1B259AE41AD2F7BC00671797 /* Sources */,
				1B259AE51AD2F7BC00671797 /* Frameworks */,
				1B259AE61AD2F7BC00671797 /* Resources */,
			);
			buildRules = (
			);
			dependencies = (
				1B259AEA1AD2F7BC00671797 /* PBXTargetDependency */,
			);
			name = TapAPPTests;
			productName = TapAPPTests;
			productReference = 1B259AE81AD2F7BC00671797 /* TapAPPTests.xctest */;
			productType = "com.apple.product-type.bundle.unit-test";
		};
/* End PBXNativeTarget section */

/* Begin PBXProject section */
		1B259AC41AD2F7BC00671797 /* Project object */ = {
			isa = PBXProject;
			attributes = {
				LastUpgradeCheck = 0610;
				ORGANIZATIONNAME = NLCJohn;
				TargetAttributes = {
					1B259ACB1AD2F7BC00671797 = {
						CreatedOnToolsVersion = 6.1.1;
					};
					1B259AE71AD2F7BC00671797 = {
						CreatedOnToolsVersion = 6.1.1;
						TestTargetID = 1B259ACB1AD2F7BC00671797;
					};
				};
			};
			buildConfigurationList = 1B259AC71AD2F7BC00671797 /* Build configuration list for PBXProject "TapAPP" */;
			compatibilityVersion = "Xcode 3.2";
			developmentRegion = English;
			hasScannedForEncodings = 0;
			knownRegions = (
				en,
				Base,
			);
			mainGroup = 1B259AC31AD2F7BC00671797;
			productRefGroup = 1B259ACD1AD2F7BC00671797 /* Products */;
			projectDirPath = "";
			projectRoot = "";
			targets = (
				1B259ACB1AD2F7BC00671797 /* TapAPP */,
				1B259AE71AD2F7BC00671797 /* TapAPPTests */,
			);
		};
/* End PBXProject section */

/* Begin PBXResourcesBuildPhase section */
		1B259ACA1AD2F7BC00671797 /* Resources */ = {
			isa = PBXResourcesBuildPhase;
			buildActionMask = 2147483647;
			files = (
				1B259ADE1AD2F7BC00671797 /* Main.storyboard in Resources */,
				1B259AF91AD2F93F00671797 /* brief_case@2x.png in Resources */,
				1B259AE31AD2F7BC00671797 /* LaunchScreen.xib in Resources */,
				1B259AFB1AD2F96100671797 /* refresh@2x.png in Resources */,
				1B259AFF1AD2F97500671797 /* clock@2x.png in Resources */,
				1B259AFD1AD2F96D00671797 /* shuffle@2x.png in Resources */,
				1B259AE01AD2F7BC00671797 /* Images.xcassets in Resources */,
			);
			runOnlyForDeploymentPostprocessing = 0;
		};
		1B259AE61AD2F7BC00671797 /* Resources */ = {
			isa = PBXResourcesBuildPhase;
			buildActionMask = 2147483647;
			files = (
			);
			runOnlyForDeploymentPostprocessing = 0;
		};
/* End PBXResourcesBuildPhase section */

/* Begin PBXSourcesBuildPhase section */
		1B259AC81AD2F7BC00671797 /* Sources */ = {
			isa = PBXSourcesBuildPhase;
			buildActionMask = 2147483647;
			files = (
				1B259ADB1AD2F7BC00671797 /* SecondViewController.m in Sources */,
				1B259B051AD2FC7300671797 /* TableViewController.m in Sources */,
				1B259AD51AD2F7BC00671797 /* AppDelegate.m in Sources */,
				1B259AD81AD2F7BC00671797 /* FirstViewController.m in Sources */,
				1B259AD21AD2F7BC00671797 /* main.m in Sources */,
				1B259B081AD3002300671797 /* FifthViewController.m in Sources */,
				1B259B021AD2FB9200671797 /* TercerViewController.m in Sources */,
			);
			runOnlyForDeploymentPostprocessing = 0;
		};
		1B259AE41AD2F7BC00671797 /* Sources */ = {
			isa = PBXSourcesBuildPhase;
			buildActionMask = 2147483647;
			files = (
				1B259AEF1AD2F7BC00671797 /* TapAPPTests.m in Sources */,
			);
			runOnlyForDeploymentPostprocessing = 0;
		};
/* End PBXSourcesBuildPhase section */

/* Begin PBXTargetDependency section */
		1B259AEA1AD2F7BC00671797 /* PBXTargetDependency */ = {
			isa = PBXTargetDependency;
			target = 1B259ACB1AD2F7BC00671797 /* TapAPP */;
			targetProxy = 1B259AE91AD2F7BC00671797 /* PBXContainerItemProxy */;
		};
/* End PBXTargetDependency section */

/* Begin PBXVariantGroup section */
		1B259ADC1AD2F7BC00671797 /* Main.storyboard */ = {
			isa = PBXVariantGroup;
			children = (
				1B259ADD1AD2F7BC00671797 /* Base */,
			);
			name = Main.storyboard;
			sourceTree = "<group>";
		};
		1B259AE11AD2F7BC00671797 /* LaunchScreen.xib */ = {
			isa = PBXVariantGroup;
			children = (
				1B259AE21AD2F7BC00671797 /* Base */,
			);
			name = LaunchScreen.xib;
			sourceTree = "<group>";
		};
/* End PBXVariantGroup section */

/* Begin XCBuildConfiguration section */
		1B259AF01AD2F7BC00671797 /* Debug */ = {
			isa = XCBuildConfiguration;
			buildSettings = {
				ALWAYS_SEARCH_USER_PATHS = NO;
				CLANG_CXX_LANGUAGE_STANDARD = "gnu++0x";
				CLANG_CXX_LIBRARY = "libc++";
				CLANG_ENABLE_MODULES = YES;
				CLANG_ENABLE_OBJC_ARC = YES;
				CLANG_WARN_BOOL_CONVERSION = YES;
				CLANG_WARN_CONSTANT_CONVERSION = YES;
				CLANG_WARN_DIRECT_OBJC_ISA_USAGE = YES_ERROR;
				CLANG_WARN_EMPTY_BODY = YES;
				CLANG_WARN_ENUM_CONVERSION = YES;
				CLANG_WARN_INT_CONVERSION = YES;
				CLANG_WARN_OBJC_ROOT_CLASS = YES_ERROR;
				CLANG_WARN_UNREACHABLE_CODE = YES;
				CLANG_WARN__DUPLICATE_METHOD_MATCH = YES;
				"CODE_SIGN_IDENTITY[sdk=iphoneos*]" = "iPhone Developer";
				COPY_PHASE_STRIP = NO;
				ENABLE_STRICT_OBJC_MSGSEND = YES;
				GCC_C_LANGUAGE_STANDARD = gnu99;
				GCC_DYNAMIC_NO_PIC = NO;
				GCC_OPTIMIZATION_LEVEL = 0;
				GCC_PREPROCESSOR_DEFINITIONS = (
					"DEBUG=1",
					"$(inherited)",
				);
				GCC_SYMBOLS_PRIVATE_EXTERN = NO;
				GCC_WARN_64_TO_32_BIT_CONVERSION = YES;
				GCC_WARN_ABOUT_RETURN_TYPE = YES_ERROR;
				GCC_WARN_UNDECLARED_SELECTOR = YES;
				GCC_WARN_UNINITIALIZED_AUTOS = YES_AGGRESSIVE;
				GCC_WARN_UNUSED_FUNCTION = YES;
				GCC_WARN_UNUSED_VARIABLE = YES;
				IPHONEOS_DEPLOYMENT_TARGET = 8.1;
				MTL_ENABLE_DEBUG_INFO = YES;
				ONLY_ACTIVE_ARCH = YES;
				SDKROOT = iphoneos;
			};
			name = Debug;
		};
		1B259AF11AD2F7BC00671797 /* Release */ = {
			isa = XCBuildConfiguration;
			buildSettings = {
				ALWAYS_SEARCH_USER_PATHS = NO;
				CLANG_CXX_LANGUAGE_STANDARD = "gnu++0x";
				CLANG_CXX_LIBRARY = "libc++";
				CLANG_ENABLE_MODULES = YES;
				CLANG_ENABLE_OBJC_ARC = YES;
				CLANG_WARN_BOOL_CONVERSION = YES;
				CLANG_WARN_CONSTANT_CONVERSION = YES;
				CLANG_WARN_DIRECT_OBJC_ISA_USAGE = YES_ERROR;
				CLANG_WARN_EMPTY_BODY = YES;
				CLANG_WARN_ENUM_CONVERSION = YES;
				CLANG_WARN_INT_CONVERSION = YES;
				CLANG_WARN_OBJC_ROOT_CLASS = YES_ERROR;
				CLANG_WARN_UNREACHABLE_CODE = YES;
				CLANG_WARN__DUPLICATE_METHOD_MATCH = YES;
				"CODE_SIGN_IDENTITY[sdk=iphoneos*]" = "iPhone Developer";
				COPY_PHASE_STRIP = YES;
				ENABLE_NS_ASSERTIONS = NO;
				ENABLE_STRICT_OBJC_MSGSEND = YES;
				GCC_C_LANGUAGE_STANDARD = gnu99;
				GCC_WARN_64_TO_32_BIT_CONVERSION = YES;
				GCC_WARN_ABOUT_RETURN_TYPE = YES_ERROR;
				GCC_WARN_UNDECLARED_SELECTOR = YES;
				GCC_WARN_UNINITIALIZED_AUTOS = YES_AGGRESSIVE;
				GCC_WARN_UNUSED_FUNCTION = YES;
				GCC_WARN_UNUSED_VARIABLE = YES;
				IPHONEOS_DEPLOYMENT_TARGET = 8.1;
				MTL_ENABLE_DEBUG_INFO = NO;
				SDKROOT = iphoneos;
				VALIDATE_PRODUCT = YES;
			};
			name = Release;
		};
		1B259AF31AD2F7BC00671797 /* Debug */ = {
			isa = XCBuildConfiguration;
			buildSettings = {
				ASSETCATALOG_COMPILER_APPICON_NAME = AppIcon;
				INFOPLIST_FILE = TapAPP/Info.plist;
				LD_RUNPATH_SEARCH_PATHS = "$(inherited) @executable_path/Frameworks";
				PRODUCT_NAME = "$(TARGET_NAME)";
			};
			name = Debug;
		};
		1B259AF41AD2F7BC00671797 /* Release */ = {
			isa = XCBuildConfiguration;
			buildSettings = {
				ASSETCATALOG_COMPILER_APPICON_NAME = AppIcon;
				INFOPLIST_FILE = TapAPP/Info.plist;
				LD_RUNPATH_SEARCH_PATHS = "$(inherited) @executable_path/Frameworks";
				PRODUCT_NAME = "$(TARGET_NAME)";
			};
			name = Release;
		};
		1B259AF61AD2F7BC00671797 /* Debug */ = {
			isa = XCBuildConfiguration;
			buildSettings = {
				BUNDLE_LOADER = "$(TEST_HOST)";
				FRAMEWORK_SEARCH_PATHS = (
					"$(SDKROOT)/Developer/Library/Frameworks",
					"$(inherited)",
				);
				GCC_PREPROCESSOR_DEFINITIONS = (
					"DEBUG=1",
					"$(inherited)",
				);
				INFOPLIST_FILE = TapAPPTests/Info.plist;
				LD_RUNPATH_SEARCH_PATHS = "$(inherited) @executable_path/Frameworks @loader_path/Frameworks";
				PRODUCT_NAME = "$(TARGET_NAME)";
				TEST_HOST = "$(BUILT_PRODUCTS_DIR)/TapAPP.app/TapAPP";
			};
			name = Debug;
		};
		1B259AF71AD2F7BC00671797 /* Release */ = {
			isa = XCBuildConfiguration;
			buildSettings = {
				BUNDLE_LOADER = "$(TEST_HOST)";
				FRAMEWORK_SEARCH_PATHS = (
					"$(SDKROOT)/Developer/Library/Frameworks",
					"$(inherited)",
				);
				INFOPLIST_FILE = TapAPPTests/Info.plist;
				LD_RUNPATH_SEARCH_PATHS = "$(inherited) @executable_path/Frameworks @loader_path/Frameworks";
				PRODUCT_NAME = "$(TARGET_NAME)";
				TEST_HOST = "$(BUILT_PRODUCTS_DIR)/TapAPP.app/TapAPP";
			};
			name = Release;
		};
/* End XCBuildConfiguration section */

/* Begin XCConfigurationList section */
		1B259AC71AD2F7BC00671797 /* Build configuration list for PBXProject "TapAPP" */ = {
			isa = XCConfigurationList;
			buildConfigurations = (
				1B259AF01AD2F7BC00671797 /* Debug */,
				1B259AF11AD2F7BC00671797 /* Release */,
			);
			defaultConfigurationIsVisible = 0;
			defaultConfigurationName = Release;
		};
		1B259AF21AD2F7BC00671797 /* Build configuration list for PBXNativeTarget "TapAPP" */ = {
			isa = XCConfigurationList;
			buildConfigurations = (
				1B259AF31AD2F7BC00671797 /* Debug */,
				1B259AF41AD2F7BC00671797 /* Release */,
			);
			defaultConfigurationIsVisible = 0;
		};
		1B259AF51AD2F7BC00671797 /* Build configuration list for PBXNativeTarget "TapAPPTests" */ = {
			isa = XCConfigurationList;
			buildConfigurations = (
				1B259AF61AD2F7BC00671797 /* Debug */,
				1B259AF71AD2F7BC00671797 /* Release */,
			);
			defaultConfigurationIsVisible = 0;
		};
/* End XCConfigurationList section */
	};
	rootObject = 1B259AC41AD2F7BC00671797 /* Project object */;
}
